{
  "pins" : [
    {
      "identity" : "swiftui-sliders",
      "kind" : "remoteSourceControl",
      "location" : "https://github.com/spacenation/swiftui-sliders",
      "state" : {
        "revision" : "5ba8614462a7ed4bd47a93fbca6c281599f74337",
        "version" : "2.0.0"
      }
    }
  ],
  "version" : 2
}
