// !$*UTF8*$!
{
	archiveVersion = 1;
	classes = {
	};
	objectVersion = 56;
	objects = {

/* Begin PBXBuildFile section */
		3507AFA629F2C48D005C53C6 /* PomodoroTaskItem.swift in Sources */ = {isa = PBXBuildFile; fileRef = 3507AFA529F2C48D005C53C6 /* PomodoroTaskItem.swift */; };
		350CC3C42975526C00753D84 /* LaunchScreen.storyboard in Resources */ = {isa = PBXBuildFile; fileRef = 350CC3C32975526C00753D84 /* LaunchScreen.storyboard */; };
		351C432B2977FD880005503E /* OnboardingView.swift in Sources */ = {isa = PBXBuildFile; fileRef = 351C432A2977FD880005503E /* OnboardingView.swift */; };
		351C432E297805270005503E /* OnboardingViewModel.swift in Sources */ = {isa = PBXBuildFile; fileRef = 351C432D297805270005503E /* OnboardingViewModel.swift */; };
		351C433029783D4D0005503E /* Font+Small.swift in Sources */ = {isa = PBXBuildFile; fileRef = 351C432F29783D4D0005503E /* Font+Small.swift */; };
		351C43322978506F0005503E /* ScenarioResolver.swift in Sources */ = {isa = PBXBuildFile; fileRef = 351C43312978506F0005503E /* ScenarioResolver.swift */; };
		351C433429793F9B0005503E /* AppReloadSavedData.swift in Sources */ = {isa = PBXBuildFile; fileRef = 351C433329793F9B0005503E /* AppReloadSavedData.swift */; };
		35203937291EADAF00A4028E /* PomodoroView.swift in Sources */ = {isa = PBXBuildFile; fileRef = 3585B8EA291EA7B2007B01B1 /* PomodoroView.swift */; };
		3520393E291EB49400A4028E /* PomodoroViewModel.swift in Sources */ = {isa = PBXBuildFile; fileRef = 3520393D291EB49400A4028E /* PomodoroViewModel.swift */; };
		3520394129223D8600A4028E /* Colors.swift in Sources */ = {isa = PBXBuildFile; fileRef = 3520394029223D8600A4028E /* Colors.swift */; };
		352039452922424500A4028E /* UIColor+Hex.swift in Sources */ = {isa = PBXBuildFile; fileRef = 352039442922424500A4028E /* UIColor+Hex.swift */; };
		352039472922486F00A4028E /* Images.swift in Sources */ = {isa = PBXBuildFile; fileRef = 352039462922486F00A4028E /* Images.swift */; };
		3520394A2922532700A4028E /* BackgroundView.swift in Sources */ = {isa = PBXBuildFile; fileRef = 352039492922532700A4028E /* BackgroundView.swift */; };
		3520394D2922707E00A4028E /* FocusedBackground.swift in Sources */ = {isa = PBXBuildFile; fileRef = 3520394C2922707E00A4028E /* FocusedBackground.swift */; };
		352039502922709E00A4028E /* BreakBackground.swift in Sources */ = {isa = PBXBuildFile; fileRef = 3520394F2922709E00A4028E /* BreakBackground.swift */; };
		35203953292270B600A4028E /* LongBreakBackground.swift in Sources */ = {isa = PBXBuildFile; fileRef = 35203952292270B600A4028E /* LongBreakBackground.swift */; };
		3520396C2923999E00A4028E /* Unbounded-Blond.ttf in Resources */ = {isa = PBXBuildFile; fileRef = 3520396B2923999E00A4028E /* Unbounded-Blond.ttf */; };
		3520396E2923BD5300A4028E /* StageView.swift in Sources */ = {isa = PBXBuildFile; fileRef = 3520396D2923BD5300A4028E /* StageView.swift */; };
		352039712923BE0100A4028E /* StageElementView.swift in Sources */ = {isa = PBXBuildFile; fileRef = 352039702923BE0100A4028E /* StageElementView.swift */; };
		352039732923C45B00A4028E /* Font+Extension.swift in Sources */ = {isa = PBXBuildFile; fileRef = 352039722923C45B00A4028E /* Font+Extension.swift */; };
		352039772923D31200A4028E /* DI.swift in Sources */ = {isa = PBXBuildFile; fileRef = 352039762923D31200A4028E /* DI.swift */; };
		352039792923D33400A4028E /* AppServices.swift in Sources */ = {isa = PBXBuildFile; fileRef = 352039782923D33400A4028E /* AppServices.swift */; };
		3520397B2923D48000A4028E /* PomodoroService.swift in Sources */ = {isa = PBXBuildFile; fileRef = 3520397A2923D48000A4028E /* PomodoroService.swift */; };
		3520397D2923D61000A4028E /* TimerService.swift in Sources */ = {isa = PBXBuildFile; fileRef = 3520397C2923D61000A4028E /* TimerService.swift */; };
		352B6BF629472E6B00B09E51 /* AppStorages.swift in Sources */ = {isa = PBXBuildFile; fileRef = 352B6BF529472E6B00B09E51 /* AppStorages.swift */; };
		352B6BF929472ED000B09E51 /* UserDefaultsStorage.swift in Sources */ = {isa = PBXBuildFile; fileRef = 352B6BF829472ED000B09E51 /* UserDefaultsStorage.swift */; };
		352B6BFD2947373700B09E51 /* ResultsView.swift in Sources */ = {isa = PBXBuildFile; fileRef = 352B6BFC2947373700B09E51 /* ResultsView.swift */; };
		352B6BFF2947377800B09E51 /* NoTasksView.swift in Sources */ = {isa = PBXBuildFile; fileRef = 352B6BFE2947377800B09E51 /* NoTasksView.swift */; };
		352B6C02294756CA00B09E51 /* ButtonStyle.swift in Sources */ = {isa = PBXBuildFile; fileRef = 352B6C01294756CA00B09E51 /* ButtonStyle.swift */; };
		352B6C0429477D9400B09E51 /* ResultsViewModel.swift in Sources */ = {isa = PBXBuildFile; fileRef = 352B6C0329477D9400B09E51 /* ResultsViewModel.swift */; };
		352B6C0629477F2E00B09E51 /* MainNavigator.swift in Sources */ = {isa = PBXBuildFile; fileRef = 352B6C0529477F2E00B09E51 /* MainNavigator.swift */; };
		352B6C0A2947BE0100B09E51 /* SettingsView.swift in Sources */ = {isa = PBXBuildFile; fileRef = 352B6C092947BE0100B09E51 /* SettingsView.swift */; };
		352B6C0E2948DBCD00B09E51 /* AlertView.swift in Sources */ = {isa = PBXBuildFile; fileRef = 352B6C0B2948DB0900B09E51 /* AlertView.swift */; };
		352B6C112949DC9F00B09E51 /* SettingsViewModel.swift in Sources */ = {isa = PBXBuildFile; fileRef = 352B6C102949DC9F00B09E51 /* SettingsViewModel.swift */; };
		352B6C13294A067B00B09E51 /* SwitcherStyle.swift in Sources */ = {isa = PBXBuildFile; fileRef = 352B6C12294A067B00B09E51 /* SwitcherStyle.swift */; };
		352B6C18294A1EB100B09E51 /* CoFoSans-Regular.ttf in Resources */ = {isa = PBXBuildFile; fileRef = 352B6C17294A1EB100B09E51 /* CoFoSans-Regular.ttf */; };
		352B6C19294A1EB100B09E51 /* CoFoSans-Regular.ttf in Resources */ = {isa = PBXBuildFile; fileRef = 352B6C17294A1EB100B09E51 /* CoFoSans-Regular.ttf */; };
		353BE44D299146BD00548410 /* Unbounded-Regular.ttf in Resources */ = {isa = PBXBuildFile; fileRef = 353BE44C2991454D00548410 /* Unbounded-Regular.ttf */; };
		353BE44E299146BE00548410 /* Unbounded-Regular.ttf in Resources */ = {isa = PBXBuildFile; fileRef = 353BE44C2991454D00548410 /* Unbounded-Regular.ttf */; };
		354957712926358F000C216C /* Images+Small.swift in Sources */ = {isa = PBXBuildFile; fileRef = 354957702926358F000C216C /* Images+Small.swift */; };
		35495777292637C8000C216C /* ColorHelper.swift in Sources */ = {isa = PBXBuildFile; fileRef = 35495776292637C8000C216C /* ColorHelper.swift */; };
		35495778292637C8000C216C /* ColorHelper.swift in Sources */ = {isa = PBXBuildFile; fileRef = 35495776292637C8000C216C /* ColorHelper.swift */; };
		3549577D29263A0A000C216C /* TimerState.swift in Sources */ = {isa = PBXBuildFile; fileRef = 3549577C29263A0A000C216C /* TimerState.swift */; };
		3549577E29263A0A000C216C /* TimerState.swift in Sources */ = {isa = PBXBuildFile; fileRef = 3549577C29263A0A000C216C /* TimerState.swift */; };
		3549578129263CCF000C216C /* PomodoroState.swift in Sources */ = {isa = PBXBuildFile; fileRef = 3549578029263CCF000C216C /* PomodoroState.swift */; };
		3549578229263CCF000C216C /* PomodoroState.swift in Sources */ = {isa = PBXBuildFile; fileRef = 3549578029263CCF000C216C /* PomodoroState.swift */; };
		3549578429263FE9000C216C /* Colors.swift in Sources */ = {isa = PBXBuildFile; fileRef = 3520394029223D8600A4028E /* Colors.swift */; };
		354957852926400D000C216C /* Images.swift in Sources */ = {isa = PBXBuildFile; fileRef = 352039462922486F00A4028E /* Images.swift */; };
		35495787292640D7000C216C /* Images+Big.swift in Sources */ = {isa = PBXBuildFile; fileRef = 35495786292640D7000C216C /* Images+Big.swift */; };
		35495789292641A4000C216C /* Unbounded-Blond.ttf in Resources */ = {isa = PBXBuildFile; fileRef = 3520396B2923999E00A4028E /* Unbounded-Blond.ttf */; };
		3549578C2926425E000C216C /* Font+Big.swift in Sources */ = {isa = PBXBuildFile; fileRef = 3549578B2926425E000C216C /* Font+Big.swift */; };
		3549579129264988000C216C /* StageView.swift in Sources */ = {isa = PBXBuildFile; fileRef = 3520396D2923BD5300A4028E /* StageView.swift */; };
		354957922926498B000C216C /* StageElementView.swift in Sources */ = {isa = PBXBuildFile; fileRef = 352039702923BE0100A4028E /* StageElementView.swift */; };
		35495794292658B2000C216C /* BackgroundView.swift in Sources */ = {isa = PBXBuildFile; fileRef = 35495793292658B2000C216C /* BackgroundView.swift */; };
		3549579629265BA0000C216C /* FocusedBackground.swift in Sources */ = {isa = PBXBuildFile; fileRef = 3549579529265BA0000C216C /* FocusedBackground.swift */; };
		3549579829266037000C216C /* BreakBackground.swift in Sources */ = {isa = PBXBuildFile; fileRef = 3549579729266037000C216C /* BreakBackground.swift */; };
		3549579A292661A5000C216C /* LongBreakBackground.swift in Sources */ = {isa = PBXBuildFile; fileRef = 35495799292661A5000C216C /* LongBreakBackground.swift */; };
		3549579C29266AAC000C216C /* TimedPomodoroWorker.swift in Sources */ = {isa = PBXBuildFile; fileRef = 3549579B29266AAC000C216C /* TimedPomodoroWorker.swift */; };
		3549579F29267836000C216C /* AppWorkers.swift in Sources */ = {isa = PBXBuildFile; fileRef = 3549579E29267836000C216C /* AppWorkers.swift */; };
		354957A129269EFB000C216C /* LinkManager.swift in Sources */ = {isa = PBXBuildFile; fileRef = 354957A029269EFB000C216C /* LinkManager.swift */; };
		354957A229269EFB000C216C /* LinkManager.swift in Sources */ = {isa = PBXBuildFile; fileRef = 354957A029269EFB000C216C /* LinkManager.swift */; };
		354957A72927C511000C216C /* TimeInterval+Extension.swift in Sources */ = {isa = PBXBuildFile; fileRef = 354957A62927C511000C216C /* TimeInterval+Extension.swift */; };
		355F744F297761CE00B16856 /* WhoAreWeView.swift in Sources */ = {isa = PBXBuildFile; fileRef = 355F744E297761CE00B16856 /* WhoAreWeView.swift */; };
		355F74512977625400B16856 /* InfoOverlayView.swift in Sources */ = {isa = PBXBuildFile; fileRef = 355F74502977625400B16856 /* InfoOverlayView.swift */; };
		356FDED1299E69C400FA66E3 /* DebugPanelView.swift in Sources */ = {isa = PBXBuildFile; fileRef = 356FDED0299E69C400FA66E3 /* DebugPanelView.swift */; };
		356FDED5299E6A0D00FA66E3 /* DebugPanelViewModel.swift in Sources */ = {isa = PBXBuildFile; fileRef = 356FDED4299E6A0D00FA66E3 /* DebugPanelViewModel.swift */; };
		356FDED7299E710F00FA66E3 /* CustomTextField.swift in Sources */ = {isa = PBXBuildFile; fileRef = 356FDED6299E710F00FA66E3 /* CustomTextField.swift */; };
		356FDED9299EA66D00FA66E3 /* TimeIntervalPicker.swift in Sources */ = {isa = PBXBuildFile; fileRef = 356FDED8299EA66D00FA66E3 /* TimeIntervalPicker.swift */; };
		356FDEDB299EC44E00FA66E3 /* Task+Extension.swift in Sources */ = {isa = PBXBuildFile; fileRef = 356FDEDA299EC44E00FA66E3 /* Task+Extension.swift */; };
		3570EE3F294B1D850039A1D2 /* ViewModel.swift in Sources */ = {isa = PBXBuildFile; fileRef = 3570EE3E294B1D850039A1D2 /* ViewModel.swift */; };
		3570EE4B294B32130039A1D2 /* SetTaskView.swift in Sources */ = {isa = PBXBuildFile; fileRef = 3570EE4A294B32130039A1D2 /* SetTaskView.swift */; };
		3570EE4E294B54940039A1D2 /* SetTaskViewModel.swift in Sources */ = {isa = PBXBuildFile; fileRef = 3570EE4D294B54940039A1D2 /* SetTaskViewModel.swift */; };
		3582D239294C731C00AC0127 /* SessionStepperView.swift in Sources */ = {isa = PBXBuildFile; fileRef = 3582D238294C731C00AC0127 /* SessionStepperView.swift */; };
		3582D23B294C7EC900AC0127 /* TaskTitleFieldView.swift in Sources */ = {isa = PBXBuildFile; fileRef = 3582D23A294C7EC900AC0127 /* TaskTitleFieldView.swift */; };
		3582D23F294C974C00AC0127 /* View+Extension.swift in Sources */ = {isa = PBXBuildFile; fileRef = 3582D23E294C974C00AC0127 /* View+Extension.swift */; };
		3582D241295069BB00AC0127 /* TasksStorage.swift in Sources */ = {isa = PBXBuildFile; fileRef = 3582D240295069BB00AC0127 /* TasksStorage.swift */; };
		3582D24529506FB300AC0127 /* PomodoroTask.swift in Sources */ = {isa = PBXBuildFile; fileRef = 3582D24429506FB300AC0127 /* PomodoroTask.swift */; };
		3582D248295096FD00AC0127 /* SpendedMinutesView.swift in Sources */ = {isa = PBXBuildFile; fileRef = 3582D247295096FD00AC0127 /* SpendedMinutesView.swift */; };
		3582D24B29509BC800AC0127 /* SpendedMinutesElementView.swift in Sources */ = {isa = PBXBuildFile; fileRef = 3582D24A29509BC800AC0127 /* SpendedMinutesElementView.swift */; };
		3582D24D2950A20900AC0127 /* SpendedMinutesRedBackground.swift in Sources */ = {isa = PBXBuildFile; fileRef = 3582D24C2950A20900AC0127 /* SpendedMinutesRedBackground.swift */; };
		3582D24F2950A21E00AC0127 /* SpendedMinutesBlueBackground.swift in Sources */ = {isa = PBXBuildFile; fileRef = 3582D24E2950A21E00AC0127 /* SpendedMinutesBlueBackground.swift */; };
		3582D2522951BE0700AC0127 /* TasksListView.swift in Sources */ = {isa = PBXBuildFile; fileRef = 3582D2512951BE0700AC0127 /* TasksListView.swift */; };
		3582D2542951E38100AC0127 /* TaskView.swift in Sources */ = {isa = PBXBuildFile; fileRef = 3582D2532951E38100AC0127 /* TaskView.swift */; };
		3582D2562951EB3900AC0127 /* DateFormatter+Extension.swift in Sources */ = {isa = PBXBuildFile; fileRef = 3582D2552951EB3900AC0127 /* DateFormatter+Extension.swift */; };
		3582D25B2953254E00AC0127 /* AlertViewModel.swift in Sources */ = {isa = PBXBuildFile; fileRef = 3582D25A2953254E00AC0127 /* AlertViewModel.swift */; };
		3582D25D2954A20900AC0127 /* UIFont+Extension.swift in Sources */ = {isa = PBXBuildFile; fileRef = 3582D25C2954A20900AC0127 /* UIFont+Extension.swift */; };
		3582D25F2954B0A500AC0127 /* CustomTextView.swift in Sources */ = {isa = PBXBuildFile; fileRef = 3582D25E2954B0A500AC0127 /* CustomTextView.swift */; };
		3582D2622955B13E00AC0127 /* DateCalculatorService.swift in Sources */ = {isa = PBXBuildFile; fileRef = 3582D2612955B13E00AC0127 /* DateCalculatorService.swift */; };
		3582D2642955B70B00AC0127 /* NumberFormatter+Extension.swift in Sources */ = {isa = PBXBuildFile; fileRef = 3582D2632955B70B00AC0127 /* NumberFormatter+Extension.swift */; };
		3582D2662955BDB900AC0127 /* Date+Extension.swift in Sources */ = {isa = PBXBuildFile; fileRef = 3582D2652955BDB900AC0127 /* Date+Extension.swift */; };
		3582D269296C14E500AC0127 /* PomodoroModel.xcdatamodeld in Sources */ = {isa = PBXBuildFile; fileRef = 3582D267296C14E500AC0127 /* PomodoroModel.xcdatamodeld */; };
		3585B8E9291EA7B2007B01B1 /* PomodoroApp.swift in Sources */ = {isa = PBXBuildFile; fileRef = 3585B8E8291EA7B2007B01B1 /* PomodoroApp.swift */; };
		3585B8ED291EA7B3007B01B1 /* Assets.xcassets in Resources */ = {isa = PBXBuildFile; fileRef = 3585B8EC291EA7B3007B01B1 /* Assets.xcassets */; };
		3585B8F0291EA7B3007B01B1 /* Preview Assets.xcassets in Resources */ = {isa = PBXBuildFile; fileRef = 3585B8EF291EA7B3007B01B1 /* Preview Assets.xcassets */; };
		359DFDC82976A66700D8B39F /* PreviousResultsView.swift in Sources */ = {isa = PBXBuildFile; fileRef = 359DFDC72976A66700D8B39F /* PreviousResultsView.swift */; };
		359DFDCA2976A6A500D8B39F /* PreviousResultsViewModel.swift in Sources */ = {isa = PBXBuildFile; fileRef = 359DFDC92976A6A500D8B39F /* PreviousResultsViewModel.swift */; };
		35AB2D5C296D5D26002CEC4A /* PersistentStore.swift in Sources */ = {isa = PBXBuildFile; fileRef = 35AB2D5B296D5D26002CEC4A /* PersistentStore.swift */; };
		35C1C473294B66C20005D72C /* TimePickerView.swift in Sources */ = {isa = PBXBuildFile; fileRef = 35C1C472294B66C20005D72C /* TimePickerView.swift */; };
		35C1C474294B79510005D72C /* DateComponentsFormatter+Extension.swift in Sources */ = {isa = PBXBuildFile; fileRef = 3520397E2923DC3700A4028E /* DateComponentsFormatter+Extension.swift */; };
		35C1C479294B97210005D72C /* Sliders in Frameworks */ = {isa = PBXBuildFile; productRef = 35C1C478294B97210005D72C /* Sliders */; };
		35C69BD5292518AD004D176C /* WidgetKit.framework in Frameworks */ = {isa = PBXBuildFile; fileRef = 35D305612924F6BF0062FDA9 /* WidgetKit.framework */; };
		35C69BD6292518AD004D176C /* SwiftUI.framework in Frameworks */ = {isa = PBXBuildFile; fileRef = 35D305632924F6BF0062FDA9 /* SwiftUI.framework */; };
		35C69BD9292518AD004D176C /* PomodoroWidgetExtensionBundle.swift in Sources */ = {isa = PBXBuildFile; fileRef = 35C69BD8292518AD004D176C /* PomodoroWidgetExtensionBundle.swift */; };
		35C69BDF292518AE004D176C /* Assets.xcassets in Resources */ = {isa = PBXBuildFile; fileRef = 35C69BDE292518AE004D176C /* Assets.xcassets */; };
		35C69BE3292518AE004D176C /* PomodoroWidgetExtension.appex in Embed Foundation Extensions */ = {isa = PBXBuildFile; fileRef = 35C69BD4292518AD004D176C /* PomodoroWidgetExtension.appex */; settings = {ATTRIBUTES = (RemoveHeadersOnCopy, ); }; };
		35C69BE92925194B004D176C /* PomodoroWidgetExtensionLiveActivity.swift in Sources */ = {isa = PBXBuildFile; fileRef = 35C69BDA292518AD004D176C /* PomodoroWidgetExtensionLiveActivity.swift */; };
		35C69BEA29251989004D176C /* LiveActivityAttributes.swift in Sources */ = {isa = PBXBuildFile; fileRef = 35D305592924EC780062FDA9 /* LiveActivityAttributes.swift */; };
		35C69BEC29251A0C004D176C /* PomodoroState+Time.swift in Sources */ = {isa = PBXBuildFile; fileRef = 3520393A291EB3A100A4028E /* PomodoroState+Time.swift */; };
		35C69BF429251AB4004D176C /* UIColor+Hex.swift in Sources */ = {isa = PBXBuildFile; fileRef = 352039442922424500A4028E /* UIColor+Hex.swift */; };
		35C69BF529251AB8004D176C /* Font+Extension.swift in Sources */ = {isa = PBXBuildFile; fileRef = 352039722923C45B00A4028E /* Font+Extension.swift */; };
		35C69BF729251E76004D176C /* LiveActivityAttributes.swift in Sources */ = {isa = PBXBuildFile; fileRef = 35D305592924EC780062FDA9 /* LiveActivityAttributes.swift */; };
		35C69BFA29252365004D176C /* PomodoroActivityView.swift in Sources */ = {isa = PBXBuildFile; fileRef = 35D305792924F94F0062FDA9 /* PomodoroActivityView.swift */; };
		35D305582924EB530062FDA9 /* LiveActivityService.swift in Sources */ = {isa = PBXBuildFile; fileRef = 35D305572924EB530062FDA9 /* LiveActivityService.swift */; };
		35F2BA10296EA8250047E890 /* NSManagedObject+Extension.swift in Sources */ = {isa = PBXBuildFile; fileRef = 35F2BA0F296EA8250047E890 /* NSManagedObject+Extension.swift */; };
		35F4A6B1292CCEBE00F47AD7 /* DateComponentsFormatter+Extension.swift in Sources */ = {isa = PBXBuildFile; fileRef = 3520397E2923DC3700A4028E /* DateComponentsFormatter+Extension.swift */; };
		35F4A6B62930D00800F47AD7 /* NotificationService.swift in Sources */ = {isa = PBXBuildFile; fileRef = 35F4A6B52930D00800F47AD7 /* NotificationService.swift */; };
		35F4A6BB2936242300F47AD7 /* FeedbackService.swift in Sources */ = {isa = PBXBuildFile; fileRef = 35F4A6BA2936242300F47AD7 /* FeedbackService.swift */; };
		35FE75632B5E67F400E5AD8D /* AppDelegate.swift in Sources */ = {isa = PBXBuildFile; fileRef = 35FE75622B5E67F400E5AD8D /* AppDelegate.swift */; };
		35FE75682B5E6FD900E5AD8D /* Navidux in Frameworks */ = {isa = PBXBuildFile; productRef = 35FE75672B5E6FD900E5AD8D /* Navidux */; };
		35FE756A2B5E702700E5AD8D /* TestViewController.swift in Sources */ = {isa = PBXBuildFile; fileRef = 35FE75692B5E702700E5AD8D /* TestViewController.swift */; };
		35FE756D2B5E73FE00E5AD8D /* CoreComponents in Frameworks */ = {isa = PBXBuildFile; productRef = 35FE756C2B5E73FE00E5AD8D /* CoreComponents */; };
		35FE75712B5EAC5C00E5AD8D /* NaviduxScreen+Extension.swift in Sources */ = {isa = PBXBuildFile; fileRef = 35FE75702B5EAC5C00E5AD8D /* NaviduxScreen+Extension.swift */; };
		35FE75742B5EAC6700E5AD8D /* NaviduxScreenFactory.swift in Sources */ = {isa = PBXBuildFile; fileRef = 35FE75722B5EAC6700E5AD8D /* NaviduxScreenFactory.swift */; };
		35FE75752B5EAC6700E5AD8D /* NaviduxScreenAssembler.swift in Sources */ = {isa = PBXBuildFile; fileRef = 35FE75732B5EAC6700E5AD8D /* NaviduxScreenAssembler.swift */; };
		878F7EEC2976C99F005F6EAE /* Assets.xcassets in Resources */ = {isa = PBXBuildFile; fileRef = 35C69BDE292518AE004D176C /* Assets.xcassets */; };
		878F7EEE2976CBD4005F6EAE /* Theme.swift in Sources */ = {isa = PBXBuildFile; fileRef = 878F7EED2976CBD4005F6EAE /* Theme.swift */; };
		878F7EEF2976CBE7005F6EAE /* Theme.swift in Sources */ = {isa = PBXBuildFile; fileRef = 878F7EED2976CBD4005F6EAE /* Theme.swift */; };
		87EB39702976B16B007073EF /* Assets.xcassets in Resources */ = {isa = PBXBuildFile; fileRef = 3585B8EC291EA7B3007B01B1 /* Assets.xcassets */; };
		87EB39722976B442007073EF /* Text+Timer.swift in Sources */ = {isa = PBXBuildFile; fileRef = 87EB39712976B442007073EF /* Text+Timer.swift */; };
/* End PBXBuildFile section */

/* Begin PBXContainerItemProxy section */
		35C69BE1292518AE004D176C /* PBXContainerItemProxy */ = {
			isa = PBXContainerItemProxy;
			containerPortal = 3585B8DD291EA7B2007B01B1 /* Project object */;
			proxyType = 1;
			remoteGlobalIDString = 35C69BD3292518AD004D176C;
			remoteInfo = PomodoroWidgetExtensionExtension;
		};
/* End PBXContainerItemProxy section */

/* Begin PBXCopyFilesBuildPhase section */
		35D305752924F6C00062FDA9 /* Embed Foundation Extensions */ = {
			isa = PBXCopyFilesBuildPhase;
			buildActionMask = 2147483647;
			dstPath = "";
			dstSubfolderSpec = 13;
			files = (
				35C69BE3292518AE004D176C /* PomodoroWidgetExtension.appex in Embed Foundation Extensions */,
			);
			name = "Embed Foundation Extensions";
			runOnlyForDeploymentPostprocessing = 0;
		};
/* End PBXCopyFilesBuildPhase section */

/* Begin PBXFileReference section */
		3507AFA529F2C48D005C53C6 /* PomodoroTaskItem.swift */ = {isa = PBXFileReference; lastKnownFileType = sourcecode.swift; path = PomodoroTaskItem.swift; sourceTree = "<group>"; };
		350CC3C32975526C00753D84 /* LaunchScreen.storyboard */ = {isa = PBXFileReference; lastKnownFileType = file.storyboard; path = LaunchScreen.storyboard; sourceTree = "<group>"; };
		351C432A2977FD880005503E /* OnboardingView.swift */ = {isa = PBXFileReference; lastKnownFileType = sourcecode.swift; path = OnboardingView.swift; sourceTree = "<group>"; };
		351C432D297805270005503E /* OnboardingViewModel.swift */ = {isa = PBXFileReference; lastKnownFileType = sourcecode.swift; path = OnboardingViewModel.swift; sourceTree = "<group>"; };
		351C432F29783D4D0005503E /* Font+Small.swift */ = {isa = PBXFileReference; lastKnownFileType = sourcecode.swift; path = "Font+Small.swift"; sourceTree = "<group>"; };
		351C43312978506F0005503E /* ScenarioResolver.swift */ = {isa = PBXFileReference; lastKnownFileType = sourcecode.swift; path = ScenarioResolver.swift; sourceTree = "<group>"; };
		351C433329793F9B0005503E /* AppReloadSavedData.swift */ = {isa = PBXFileReference; lastKnownFileType = sourcecode.swift; path = AppReloadSavedData.swift; sourceTree = "<group>"; };
		3520393A291EB3A100A4028E /* PomodoroState+Time.swift */ = {isa = PBXFileReference; lastKnownFileType = sourcecode.swift; path = "PomodoroState+Time.swift"; sourceTree = "<group>"; };
		3520393D291EB49400A4028E /* PomodoroViewModel.swift */ = {isa = PBXFileReference; lastKnownFileType = sourcecode.swift; path = PomodoroViewModel.swift; sourceTree = "<group>"; };
		3520394029223D8600A4028E /* Colors.swift */ = {isa = PBXFileReference; lastKnownFileType = sourcecode.swift; path = Colors.swift; sourceTree = "<group>"; };
		352039442922424500A4028E /* UIColor+Hex.swift */ = {isa = PBXFileReference; fileEncoding = 4; lastKnownFileType = sourcecode.swift; path = "UIColor+Hex.swift"; sourceTree = "<group>"; };
		352039462922486F00A4028E /* Images.swift */ = {isa = PBXFileReference; lastKnownFileType = sourcecode.swift; path = Images.swift; sourceTree = "<group>"; };
		352039492922532700A4028E /* BackgroundView.swift */ = {isa = PBXFileReference; lastKnownFileType = sourcecode.swift; path = BackgroundView.swift; sourceTree = "<group>"; };
		3520394C2922707E00A4028E /* FocusedBackground.swift */ = {isa = PBXFileReference; lastKnownFileType = sourcecode.swift; path = FocusedBackground.swift; sourceTree = "<group>"; };
		3520394F2922709E00A4028E /* BreakBackground.swift */ = {isa = PBXFileReference; lastKnownFileType = sourcecode.swift; path = BreakBackground.swift; sourceTree = "<group>"; };
		35203952292270B600A4028E /* LongBreakBackground.swift */ = {isa = PBXFileReference; lastKnownFileType = sourcecode.swift; path = LongBreakBackground.swift; sourceTree = "<group>"; };
		35203967292396B100A4028E /* Info.plist */ = {isa = PBXFileReference; lastKnownFileType = text.plist.xml; path = Info.plist; sourceTree = "<group>"; };
		3520396B2923999E00A4028E /* Unbounded-Blond.ttf */ = {isa = PBXFileReference; lastKnownFileType = file; path = "Unbounded-Blond.ttf"; sourceTree = "<group>"; };
		3520396D2923BD5300A4028E /* StageView.swift */ = {isa = PBXFileReference; lastKnownFileType = sourcecode.swift; path = StageView.swift; sourceTree = "<group>"; };
		352039702923BE0100A4028E /* StageElementView.swift */ = {isa = PBXFileReference; lastKnownFileType = sourcecode.swift; path = StageElementView.swift; sourceTree = "<group>"; };
		352039722923C45B00A4028E /* Font+Extension.swift */ = {isa = PBXFileReference; lastKnownFileType = sourcecode.swift; path = "Font+Extension.swift"; sourceTree = "<group>"; };
		352039762923D31200A4028E /* DI.swift */ = {isa = PBXFileReference; lastKnownFileType = sourcecode.swift; path = DI.swift; sourceTree = "<group>"; };
		352039782923D33400A4028E /* AppServices.swift */ = {isa = PBXFileReference; lastKnownFileType = sourcecode.swift; path = AppServices.swift; sourceTree = "<group>"; };
		3520397A2923D48000A4028E /* PomodoroService.swift */ = {isa = PBXFileReference; lastKnownFileType = sourcecode.swift; path = PomodoroService.swift; sourceTree = "<group>"; };
		3520397C2923D61000A4028E /* TimerService.swift */ = {isa = PBXFileReference; lastKnownFileType = sourcecode.swift; path = TimerService.swift; sourceTree = "<group>"; };
		3520397E2923DC3700A4028E /* DateComponentsFormatter+Extension.swift */ = {isa = PBXFileReference; lastKnownFileType = sourcecode.swift; path = "DateComponentsFormatter+Extension.swift"; sourceTree = "<group>"; };
		352B6BF529472E6B00B09E51 /* AppStorages.swift */ = {isa = PBXFileReference; lastKnownFileType = sourcecode.swift; path = AppStorages.swift; sourceTree = "<group>"; };
		352B6BF829472ED000B09E51 /* UserDefaultsStorage.swift */ = {isa = PBXFileReference; lastKnownFileType = sourcecode.swift; path = UserDefaultsStorage.swift; sourceTree = "<group>"; };
		352B6BFC2947373700B09E51 /* ResultsView.swift */ = {isa = PBXFileReference; lastKnownFileType = sourcecode.swift; path = ResultsView.swift; sourceTree = "<group>"; };
		352B6BFE2947377800B09E51 /* NoTasksView.swift */ = {isa = PBXFileReference; lastKnownFileType = sourcecode.swift; path = NoTasksView.swift; sourceTree = "<group>"; };
		352B6C01294756CA00B09E51 /* ButtonStyle.swift */ = {isa = PBXFileReference; lastKnownFileType = sourcecode.swift; path = ButtonStyle.swift; sourceTree = "<group>"; };
		352B6C0329477D9400B09E51 /* ResultsViewModel.swift */ = {isa = PBXFileReference; lastKnownFileType = sourcecode.swift; path = ResultsViewModel.swift; sourceTree = "<group>"; };
		352B6C0529477F2E00B09E51 /* MainNavigator.swift */ = {isa = PBXFileReference; lastKnownFileType = sourcecode.swift; path = MainNavigator.swift; sourceTree = "<group>"; };
		352B6C092947BE0100B09E51 /* SettingsView.swift */ = {isa = PBXFileReference; lastKnownFileType = sourcecode.swift; path = SettingsView.swift; sourceTree = "<group>"; };
		352B6C0B2948DB0900B09E51 /* AlertView.swift */ = {isa = PBXFileReference; lastKnownFileType = sourcecode.swift; path = AlertView.swift; sourceTree = "<group>"; };
		352B6C102949DC9F00B09E51 /* SettingsViewModel.swift */ = {isa = PBXFileReference; lastKnownFileType = sourcecode.swift; path = SettingsViewModel.swift; sourceTree = "<group>"; };
		352B6C12294A067B00B09E51 /* SwitcherStyle.swift */ = {isa = PBXFileReference; lastKnownFileType = sourcecode.swift; path = SwitcherStyle.swift; sourceTree = "<group>"; };
		352B6C17294A1EB100B09E51 /* CoFoSans-Regular.ttf */ = {isa = PBXFileReference; lastKnownFileType = file; path = "CoFoSans-Regular.ttf"; sourceTree = "<group>"; };
		353BE44C2991454D00548410 /* Unbounded-Regular.ttf */ = {isa = PBXFileReference; lastKnownFileType = file; path = "Unbounded-Regular.ttf"; sourceTree = "<group>"; };
		354957702926358F000C216C /* Images+Small.swift */ = {isa = PBXFileReference; lastKnownFileType = sourcecode.swift; path = "Images+Small.swift"; sourceTree = "<group>"; };
		35495776292637C8000C216C /* ColorHelper.swift */ = {isa = PBXFileReference; lastKnownFileType = sourcecode.swift; path = ColorHelper.swift; sourceTree = "<group>"; };
		3549577C29263A0A000C216C /* TimerState.swift */ = {isa = PBXFileReference; lastKnownFileType = sourcecode.swift; path = TimerState.swift; sourceTree = "<group>"; };
		3549578029263CCF000C216C /* PomodoroState.swift */ = {isa = PBXFileReference; lastKnownFileType = sourcecode.swift; path = PomodoroState.swift; sourceTree = "<group>"; };
		35495786292640D7000C216C /* Images+Big.swift */ = {isa = PBXFileReference; lastKnownFileType = sourcecode.swift; path = "Images+Big.swift"; sourceTree = "<group>"; };
		3549578B2926425E000C216C /* Font+Big.swift */ = {isa = PBXFileReference; lastKnownFileType = sourcecode.swift; path = "Font+Big.swift"; sourceTree = "<group>"; };
		35495793292658B2000C216C /* BackgroundView.swift */ = {isa = PBXFileReference; lastKnownFileType = sourcecode.swift; path = BackgroundView.swift; sourceTree = "<group>"; };
		3549579529265BA0000C216C /* FocusedBackground.swift */ = {isa = PBXFileReference; lastKnownFileType = sourcecode.swift; path = FocusedBackground.swift; sourceTree = "<group>"; };
		3549579729266037000C216C /* BreakBackground.swift */ = {isa = PBXFileReference; lastKnownFileType = sourcecode.swift; path = BreakBackground.swift; sourceTree = "<group>"; };
		35495799292661A5000C216C /* LongBreakBackground.swift */ = {isa = PBXFileReference; lastKnownFileType = sourcecode.swift; path = LongBreakBackground.swift; sourceTree = "<group>"; };
		3549579B29266AAC000C216C /* TimedPomodoroWorker.swift */ = {isa = PBXFileReference; lastKnownFileType = sourcecode.swift; path = TimedPomodoroWorker.swift; sourceTree = "<group>"; };
		3549579E29267836000C216C /* AppWorkers.swift */ = {isa = PBXFileReference; lastKnownFileType = sourcecode.swift; path = AppWorkers.swift; sourceTree = "<group>"; };
		354957A029269EFB000C216C /* LinkManager.swift */ = {isa = PBXFileReference; lastKnownFileType = sourcecode.swift; path = LinkManager.swift; sourceTree = "<group>"; };
		354957A62927C511000C216C /* TimeInterval+Extension.swift */ = {isa = PBXFileReference; lastKnownFileType = sourcecode.swift; path = "TimeInterval+Extension.swift"; sourceTree = "<group>"; };
		355F744E297761CE00B16856 /* WhoAreWeView.swift */ = {isa = PBXFileReference; lastKnownFileType = sourcecode.swift; path = WhoAreWeView.swift; sourceTree = "<group>"; };
		355F74502977625400B16856 /* InfoOverlayView.swift */ = {isa = PBXFileReference; lastKnownFileType = sourcecode.swift; path = InfoOverlayView.swift; sourceTree = "<group>"; };
		356FDED0299E69C400FA66E3 /* DebugPanelView.swift */ = {isa = PBXFileReference; lastKnownFileType = sourcecode.swift; path = DebugPanelView.swift; sourceTree = "<group>"; };
		356FDED4299E6A0D00FA66E3 /* DebugPanelViewModel.swift */ = {isa = PBXFileReference; lastKnownFileType = sourcecode.swift; path = DebugPanelViewModel.swift; sourceTree = "<group>"; };
		356FDED6299E710F00FA66E3 /* CustomTextField.swift */ = {isa = PBXFileReference; lastKnownFileType = sourcecode.swift; path = CustomTextField.swift; sourceTree = "<group>"; };
		356FDED8299EA66D00FA66E3 /* TimeIntervalPicker.swift */ = {isa = PBXFileReference; lastKnownFileType = sourcecode.swift; path = TimeIntervalPicker.swift; sourceTree = "<group>"; };
		356FDEDA299EC44E00FA66E3 /* Task+Extension.swift */ = {isa = PBXFileReference; lastKnownFileType = sourcecode.swift; path = "Task+Extension.swift"; sourceTree = "<group>"; };
		3570EE3E294B1D850039A1D2 /* ViewModel.swift */ = {isa = PBXFileReference; lastKnownFileType = sourcecode.swift; path = ViewModel.swift; sourceTree = "<group>"; };
		3570EE4A294B32130039A1D2 /* SetTaskView.swift */ = {isa = PBXFileReference; lastKnownFileType = sourcecode.swift; path = SetTaskView.swift; sourceTree = "<group>"; };
		3570EE4D294B54940039A1D2 /* SetTaskViewModel.swift */ = {isa = PBXFileReference; lastKnownFileType = sourcecode.swift; path = SetTaskViewModel.swift; sourceTree = "<group>"; };
		3582D238294C731C00AC0127 /* SessionStepperView.swift */ = {isa = PBXFileReference; lastKnownFileType = sourcecode.swift; path = SessionStepperView.swift; sourceTree = "<group>"; };
		3582D23A294C7EC900AC0127 /* TaskTitleFieldView.swift */ = {isa = PBXFileReference; lastKnownFileType = sourcecode.swift; path = TaskTitleFieldView.swift; sourceTree = "<group>"; };
		3582D23E294C974C00AC0127 /* View+Extension.swift */ = {isa = PBXFileReference; lastKnownFileType = sourcecode.swift; path = "View+Extension.swift"; sourceTree = "<group>"; };
		3582D240295069BB00AC0127 /* TasksStorage.swift */ = {isa = PBXFileReference; lastKnownFileType = sourcecode.swift; path = TasksStorage.swift; sourceTree = "<group>"; };
		3582D24429506FB300AC0127 /* PomodoroTask.swift */ = {isa = PBXFileReference; lastKnownFileType = sourcecode.swift; path = PomodoroTask.swift; sourceTree = "<group>"; };
		3582D247295096FD00AC0127 /* SpendedMinutesView.swift */ = {isa = PBXFileReference; lastKnownFileType = sourcecode.swift; path = SpendedMinutesView.swift; sourceTree = "<group>"; };
		3582D24A29509BC800AC0127 /* SpendedMinutesElementView.swift */ = {isa = PBXFileReference; lastKnownFileType = sourcecode.swift; path = SpendedMinutesElementView.swift; sourceTree = "<group>"; };
		3582D24C2950A20900AC0127 /* SpendedMinutesRedBackground.swift */ = {isa = PBXFileReference; lastKnownFileType = sourcecode.swift; path = SpendedMinutesRedBackground.swift; sourceTree = "<group>"; };
		3582D24E2950A21E00AC0127 /* SpendedMinutesBlueBackground.swift */ = {isa = PBXFileReference; lastKnownFileType = sourcecode.swift; path = SpendedMinutesBlueBackground.swift; sourceTree = "<group>"; };
		3582D2512951BE0700AC0127 /* TasksListView.swift */ = {isa = PBXFileReference; lastKnownFileType = sourcecode.swift; path = TasksListView.swift; sourceTree = "<group>"; };
		3582D2532951E38100AC0127 /* TaskView.swift */ = {isa = PBXFileReference; lastKnownFileType = sourcecode.swift; path = TaskView.swift; sourceTree = "<group>"; };
		3582D2552951EB3900AC0127 /* DateFormatter+Extension.swift */ = {isa = PBXFileReference; lastKnownFileType = sourcecode.swift; path = "DateFormatter+Extension.swift"; sourceTree = "<group>"; };
		3582D25A2953254E00AC0127 /* AlertViewModel.swift */ = {isa = PBXFileReference; lastKnownFileType = sourcecode.swift; path = AlertViewModel.swift; sourceTree = "<group>"; };
		3582D25C2954A20900AC0127 /* UIFont+Extension.swift */ = {isa = PBXFileReference; lastKnownFileType = sourcecode.swift; path = "UIFont+Extension.swift"; sourceTree = "<group>"; };
		3582D25E2954B0A500AC0127 /* CustomTextView.swift */ = {isa = PBXFileReference; lastKnownFileType = sourcecode.swift; path = CustomTextView.swift; sourceTree = "<group>"; };
		3582D2612955B13E00AC0127 /* DateCalculatorService.swift */ = {isa = PBXFileReference; lastKnownFileType = sourcecode.swift; path = DateCalculatorService.swift; sourceTree = "<group>"; };
		3582D2632955B70B00AC0127 /* NumberFormatter+Extension.swift */ = {isa = PBXFileReference; lastKnownFileType = sourcecode.swift; path = "NumberFormatter+Extension.swift"; sourceTree = "<group>"; };
		3582D2652955BDB900AC0127 /* Date+Extension.swift */ = {isa = PBXFileReference; lastKnownFileType = sourcecode.swift; path = "Date+Extension.swift"; sourceTree = "<group>"; };
		3582D268296C14E500AC0127 /* PomodoroModel.xcdatamodel */ = {isa = PBXFileReference; lastKnownFileType = wrapper.xcdatamodel; path = PomodoroModel.xcdatamodel; sourceTree = "<group>"; };
		3585B8E5291EA7B2007B01B1 /* PomodoroApp.app */ = {isa = PBXFileReference; explicitFileType = wrapper.application; includeInIndex = 0; path = PomodoroApp.app; sourceTree = BUILT_PRODUCTS_DIR; };
		3585B8E8291EA7B2007B01B1 /* PomodoroApp.swift */ = {isa = PBXFileReference; lastKnownFileType = sourcecode.swift; path = PomodoroApp.swift; sourceTree = "<group>"; };
		3585B8EA291EA7B2007B01B1 /* PomodoroView.swift */ = {isa = PBXFileReference; lastKnownFileType = sourcecode.swift; path = PomodoroView.swift; sourceTree = "<group>"; };
		3585B8EC291EA7B3007B01B1 /* Assets.xcassets */ = {isa = PBXFileReference; lastKnownFileType = folder.assetcatalog; path = Assets.xcassets; sourceTree = "<group>"; };
		3585B8EF291EA7B3007B01B1 /* Preview Assets.xcassets */ = {isa = PBXFileReference; lastKnownFileType = folder.assetcatalog; path = "Preview Assets.xcassets"; sourceTree = "<group>"; };
		359DFDC72976A66700D8B39F /* PreviousResultsView.swift */ = {isa = PBXFileReference; lastKnownFileType = sourcecode.swift; path = PreviousResultsView.swift; sourceTree = "<group>"; };
		359DFDC92976A6A500D8B39F /* PreviousResultsViewModel.swift */ = {isa = PBXFileReference; lastKnownFileType = sourcecode.swift; path = PreviousResultsViewModel.swift; sourceTree = "<group>"; };
		35AB2D5B296D5D26002CEC4A /* PersistentStore.swift */ = {isa = PBXFileReference; lastKnownFileType = sourcecode.swift; path = PersistentStore.swift; sourceTree = "<group>"; };
		35C1C472294B66C20005D72C /* TimePickerView.swift */ = {isa = PBXFileReference; lastKnownFileType = sourcecode.swift; path = TimePickerView.swift; sourceTree = "<group>"; };
		35C69BD4292518AD004D176C /* PomodoroWidgetExtension.appex */ = {isa = PBXFileReference; explicitFileType = "wrapper.app-extension"; includeInIndex = 0; path = PomodoroWidgetExtension.appex; sourceTree = BUILT_PRODUCTS_DIR; };
		35C69BD8292518AD004D176C /* PomodoroWidgetExtensionBundle.swift */ = {isa = PBXFileReference; lastKnownFileType = sourcecode.swift; path = PomodoroWidgetExtensionBundle.swift; sourceTree = "<group>"; };
		35C69BDA292518AD004D176C /* PomodoroWidgetExtensionLiveActivity.swift */ = {isa = PBXFileReference; lastKnownFileType = sourcecode.swift; path = PomodoroWidgetExtensionLiveActivity.swift; sourceTree = "<group>"; };
		35C69BDE292518AE004D176C /* Assets.xcassets */ = {isa = PBXFileReference; lastKnownFileType = folder.assetcatalog; path = Assets.xcassets; sourceTree = "<group>"; };
		35C69BE0292518AE004D176C /* Info.plist */ = {isa = PBXFileReference; lastKnownFileType = text.plist.xml; path = Info.plist; sourceTree = "<group>"; };
		35D305572924EB530062FDA9 /* LiveActivityService.swift */ = {isa = PBXFileReference; lastKnownFileType = sourcecode.swift; path = LiveActivityService.swift; sourceTree = "<group>"; };
		35D305592924EC780062FDA9 /* LiveActivityAttributes.swift */ = {isa = PBXFileReference; lastKnownFileType = sourcecode.swift; path = LiveActivityAttributes.swift; sourceTree = "<group>"; };
		35D305612924F6BF0062FDA9 /* WidgetKit.framework */ = {isa = PBXFileReference; lastKnownFileType = wrapper.framework; name = WidgetKit.framework; path = System/Library/Frameworks/WidgetKit.framework; sourceTree = SDKROOT; };
		35D305632924F6BF0062FDA9 /* SwiftUI.framework */ = {isa = PBXFileReference; lastKnownFileType = wrapper.framework; name = SwiftUI.framework; path = System/Library/Frameworks/SwiftUI.framework; sourceTree = SDKROOT; };
		35D305792924F94F0062FDA9 /* PomodoroActivityView.swift */ = {isa = PBXFileReference; lastKnownFileType = sourcecode.swift; path = PomodoroActivityView.swift; sourceTree = "<group>"; };
		35F2BA0F296EA8250047E890 /* NSManagedObject+Extension.swift */ = {isa = PBXFileReference; lastKnownFileType = sourcecode.swift; path = "NSManagedObject+Extension.swift"; sourceTree = "<group>"; };
		35F4A6B52930D00800F47AD7 /* NotificationService.swift */ = {isa = PBXFileReference; lastKnownFileType = sourcecode.swift; path = NotificationService.swift; sourceTree = "<group>"; };
		35F4A6BA2936242300F47AD7 /* FeedbackService.swift */ = {isa = PBXFileReference; lastKnownFileType = sourcecode.swift; path = FeedbackService.swift; sourceTree = "<group>"; };
		35FE75622B5E67F400E5AD8D /* AppDelegate.swift */ = {isa = PBXFileReference; lastKnownFileType = sourcecode.swift; path = AppDelegate.swift; sourceTree = "<group>"; };
		35FE75692B5E702700E5AD8D /* TestViewController.swift */ = {isa = PBXFileReference; lastKnownFileType = sourcecode.swift; path = TestViewController.swift; sourceTree = "<group>"; };
		35FE75702B5EAC5C00E5AD8D /* NaviduxScreen+Extension.swift */ = {isa = PBXFileReference; fileEncoding = 4; lastKnownFileType = sourcecode.swift; path = "NaviduxScreen+Extension.swift"; sourceTree = "<group>"; };
		35FE75722B5EAC6700E5AD8D /* NaviduxScreenFactory.swift */ = {isa = PBXFileReference; fileEncoding = 4; lastKnownFileType = sourcecode.swift; path = NaviduxScreenFactory.swift; sourceTree = "<group>"; };
		35FE75732B5EAC6700E5AD8D /* NaviduxScreenAssembler.swift */ = {isa = PBXFileReference; fileEncoding = 4; lastKnownFileType = sourcecode.swift; path = NaviduxScreenAssembler.swift; sourceTree = "<group>"; };
		878F7EED2976CBD4005F6EAE /* Theme.swift */ = {isa = PBXFileReference; lastKnownFileType = sourcecode.swift; path = Theme.swift; sourceTree = "<group>"; };
		87EB39712976B442007073EF /* Text+Timer.swift */ = {isa = PBXFileReference; lastKnownFileType = sourcecode.swift; path = "Text+Timer.swift"; sourceTree = "<group>"; };
/* End PBXFileReference section */

/* Begin PBXFrameworksBuildPhase section */
		3585B8E2291EA7B2007B01B1 /* Frameworks */ = {
			isa = PBXFrameworksBuildPhase;
			buildActionMask = 2147483647;
			files = (
				35FE756D2B5E73FE00E5AD8D /* CoreComponents in Frameworks */,
				35FE75682B5E6FD900E5AD8D /* Navidux in Frameworks */,
				35C1C479294B97210005D72C /* Sliders in Frameworks */,
			);
			runOnlyForDeploymentPostprocessing = 0;
		};
		35C69BD1292518AD004D176C /* Frameworks */ = {
			isa = PBXFrameworksBuildPhase;
			buildActionMask = 2147483647;
			files = (
				35C69BD6292518AD004D176C /* SwiftUI.framework in Frameworks */,
				35C69BD5292518AD004D176C /* WidgetKit.framework in Frameworks */,
			);
			runOnlyForDeploymentPostprocessing = 0;
		};
/* End PBXFrameworksBuildPhase section */

/* Begin PBXGroup section */
		3507AFA229F2C456005C53C6 /* View */ = {
			isa = PBXGroup;
			children = (
				3582D2512951BE0700AC0127 /* TasksListView.swift */,
				3582D2532951E38100AC0127 /* TaskView.swift */,
			);
			path = View;
			sourceTree = "<group>";
		};
		3507AFA429F2C480005C53C6 /* Model */ = {
			isa = PBXGroup;
			children = (
				3507AFA529F2C48D005C53C6 /* PomodoroTaskItem.swift */,
			);
			path = Model;
			sourceTree = "<group>";
		};
		350CC3C52976A2EC00753D84 /* Previous Results Screen */ = {
			isa = PBXGroup;
			children = (
				350CC3C72976A4E700753D84 /* ViewModel */,
				350CC3C62976A4E000753D84 /* View */,
			);
			path = "Previous Results Screen";
			sourceTree = "<group>";
		};
		350CC3C62976A4E000753D84 /* View */ = {
			isa = PBXGroup;
			children = (
				359DFDC72976A66700D8B39F /* PreviousResultsView.swift */,
			);
			path = View;
			sourceTree = "<group>";
		};
		350CC3C72976A4E700753D84 /* ViewModel */ = {
			isa = PBXGroup;
			children = (
				359DFDC92976A6A500D8B39F /* PreviousResultsViewModel.swift */,
			);
			path = ViewModel;
			sourceTree = "<group>";
		};
		351C432C2978050D0005503E /* View Model */ = {
			isa = PBXGroup;
			children = (
				351C432D297805270005503E /* OnboardingViewModel.swift */,
			);
			path = "View Model";
			sourceTree = "<group>";
		};
		35203936291EAD5700A4028E /* Presentation */ = {
			isa = PBXGroup;
			children = (
				352B6C00294756AD00B09E51 /* Common */,
				352B6C072947815C00B09E51 /* Navigation */,
				35FE75652B5E6B2E00E5AD8D /* Test Sceen */,
				356FDECF299E69A800FA66E3 /* Debug Panel */,
				355F744C2977619D00B16856 /* Onboarding */,
				352B6BF229435A0000B09E51 /* Set Task Screen */,
				352B6BEF294359C300B09E51 /* Settings Screen */,
				352B6BEC2943599F00B09E51 /* Results Screen */,
				350CC3C52976A2EC00753D84 /* Previous Results Screen */,
				352B6BEB294358B000B09E51 /* Pomodoro Screen */,
			);
			path = Presentation;
			sourceTree = "<group>";
		};
		35203938291EB37500A4028E /* Model */ = {
			isa = PBXGroup;
			children = (
				3520393A291EB3A100A4028E /* PomodoroState+Time.swift */,
			);
			path = Model;
			sourceTree = "<group>";
		};
		35203939291EB37B00A4028E /* View */ = {
			isa = PBXGroup;
			children = (
				3520394B2922704A00A4028E /* Backgrounds */,
				3585B8EA291EA7B2007B01B1 /* PomodoroView.swift */,
			);
			path = View;
			sourceTree = "<group>";
		};
		3520393C291EB47B00A4028E /* ViewModel */ = {
			isa = PBXGroup;
			children = (
				3520393D291EB49400A4028E /* PomodoroViewModel.swift */,
			);
			path = ViewModel;
			sourceTree = "<group>";
		};
		3520393F29223D6D00A4028E /* Utility */ = {
			isa = PBXGroup;
			children = (
				354957A62927C511000C216C /* TimeInterval+Extension.swift */,
				35495786292640D7000C216C /* Images+Big.swift */,
				3549578B2926425E000C216C /* Font+Big.swift */,
				3582D2552951EB3900AC0127 /* DateFormatter+Extension.swift */,
				3582D25C2954A20900AC0127 /* UIFont+Extension.swift */,
				3582D2632955B70B00AC0127 /* NumberFormatter+Extension.swift */,
				3582D2652955BDB900AC0127 /* Date+Extension.swift */,
				356FDEDA299EC44E00FA66E3 /* Task+Extension.swift */,
			);
			path = Utility;
			sourceTree = "<group>";
		};
		3520394829224A3200A4028E /* Resources */ = {
			isa = PBXGroup;
			children = (
				3585B8EC291EA7B3007B01B1 /* Assets.xcassets */,
			);
			path = Resources;
			sourceTree = "<group>";
		};
		3520394B2922704A00A4028E /* Backgrounds */ = {
			isa = PBXGroup;
			children = (
				352039492922532700A4028E /* BackgroundView.swift */,
				3520394C2922707E00A4028E /* FocusedBackground.swift */,
				3520394F2922709E00A4028E /* BreakBackground.swift */,
				35203952292270B600A4028E /* LongBreakBackground.swift */,
			);
			path = Backgrounds;
			sourceTree = "<group>";
		};
		352039682923974800A4028E /* Supporting Files */ = {
			isa = PBXGroup;
			children = (
				35203967292396B100A4028E /* Info.plist */,
				350CC3C32975526C00753D84 /* LaunchScreen.storyboard */,
			);
			path = "Supporting Files";
			sourceTree = "<group>";
		};
		3520396F2923BDE300A4028E /* Stage */ = {
			isa = PBXGroup;
			children = (
				3520396D2923BD5300A4028E /* StageView.swift */,
				352039702923BE0100A4028E /* StageElementView.swift */,
			);
			path = Stage;
			sourceTree = "<group>";
		};
		352039742923D29C00A4028E /* Business Logic */ = {
			isa = PBXGroup;
			children = (
				3582D24329506FA400AC0127 /* Model */,
				352B6BF729472EA300B09E51 /* Storages */,
				3549579D2926781D000C216C /* Services */,
				3549579B29266AAC000C216C /* TimedPomodoroWorker.swift */,
			);
			path = "Business Logic";
			sourceTree = "<group>";
		};
		352039752923D2E300A4028E /* Dependency Injection */ = {
			isa = PBXGroup;
			children = (
				352039762923D31200A4028E /* DI.swift */,
				352039782923D33400A4028E /* AppServices.swift */,
				3549579E29267836000C216C /* AppWorkers.swift */,
				352B6BF529472E6B00B09E51 /* AppStorages.swift */,
			);
			path = "Dependency Injection";
			sourceTree = "<group>";
		};
		352B6BEB294358B000B09E51 /* Pomodoro Screen */ = {
			isa = PBXGroup;
			children = (
				3520393C291EB47B00A4028E /* ViewModel */,
				35203939291EB37B00A4028E /* View */,
				35203938291EB37500A4028E /* Model */,
			);
			path = "Pomodoro Screen";
			sourceTree = "<group>";
		};
		352B6BEC2943599F00B09E51 /* Results Screen */ = {
			isa = PBXGroup;
			children = (
				352B6BFB2947371300B09E51 /* ViewModel */,
				352B6BFA2947370C00B09E51 /* View */,
			);
			path = "Results Screen";
			sourceTree = "<group>";
		};
		352B6BEF294359C300B09E51 /* Settings Screen */ = {
			isa = PBXGroup;
			children = (
				352B6C0F2949DC8800B09E51 /* ViewModel */,
				352B6C082947BDEF00B09E51 /* View */,
			);
			path = "Settings Screen";
			sourceTree = "<group>";
		};
		352B6BF229435A0000B09E51 /* Set Task Screen */ = {
			isa = PBXGroup;
			children = (
				3570EE4C294B54860039A1D2 /* ViewModel */,
				3570EE47294B31080039A1D2 /* View */,
			);
			path = "Set Task Screen";
			sourceTree = "<group>";
		};
		352B6BF729472EA300B09E51 /* Storages */ = {
			isa = PBXGroup;
			children = (
				35AB2D5A296D5D08002CEC4A /* CoreData */,
				352B6BF829472ED000B09E51 /* UserDefaultsStorage.swift */,
				3582D240295069BB00AC0127 /* TasksStorage.swift */,
			);
			path = Storages;
			sourceTree = "<group>";
		};
		352B6BFA2947370C00B09E51 /* View */ = {
			isa = PBXGroup;
			children = (
				3582D24929509BAB00AC0127 /* Spended Minutes */,
				352B6BFC2947373700B09E51 /* ResultsView.swift */,
				352B6BFE2947377800B09E51 /* NoTasksView.swift */,
			);
			path = View;
			sourceTree = "<group>";
		};
		352B6BFB2947371300B09E51 /* ViewModel */ = {
			isa = PBXGroup;
			children = (
				352B6C0329477D9400B09E51 /* ResultsViewModel.swift */,
			);
			path = ViewModel;
			sourceTree = "<group>";
		};
		352B6C00294756AD00B09E51 /* Common */ = {
			isa = PBXGroup;
			children = (
				3582D2502951B51900AC0127 /* Tasks List */,
				3582D2592953252D00AC0127 /* Alert */,
				352B6C01294756CA00B09E51 /* ButtonStyle.swift */,
				352B6C12294A067B00B09E51 /* SwitcherStyle.swift */,
				3570EE3E294B1D850039A1D2 /* ViewModel.swift */,
				3582D23E294C974C00AC0127 /* View+Extension.swift */,
			);
			path = Common;
			sourceTree = "<group>";
		};
		352B6C072947815C00B09E51 /* Navigation */ = {
			isa = PBXGroup;
			children = (
				352B6C0529477F2E00B09E51 /* MainNavigator.swift */,
				351C43312978506F0005503E /* ScenarioResolver.swift */,
			);
			path = Navigation;
			sourceTree = "<group>";
		};
		352B6C082947BDEF00B09E51 /* View */ = {
			isa = PBXGroup;
			children = (
				352B6C092947BE0100B09E51 /* SettingsView.swift */,
			);
			path = View;
			sourceTree = "<group>";
		};
		352B6C0F2949DC8800B09E51 /* ViewModel */ = {
			isa = PBXGroup;
			children = (
				352B6C102949DC9F00B09E51 /* SettingsViewModel.swift */,
			);
			path = ViewModel;
			sourceTree = "<group>";
		};
		3549576B292539C4000C216C /* App */ = {
			isa = PBXGroup;
			children = (
				35C69BD8292518AD004D176C /* PomodoroWidgetExtensionBundle.swift */,
			);
			path = App;
			sourceTree = "<group>";
		};
		3549576C292539CF000C216C /* View */ = {
			isa = PBXGroup;
			children = (
				3549578F29264928000C216C /* Backgrounds */,
				35D305792924F94F0062FDA9 /* PomodoroActivityView.swift */,
				35C69BDA292518AD004D176C /* PomodoroWidgetExtensionLiveActivity.swift */,
			);
			path = View;
			sourceTree = "<group>";
		};
		3549576D292539F6000C216C /* Supporting Files */ = {
			isa = PBXGroup;
			children = (
				35C69BE0292518AE004D176C /* Info.plist */,
			);
			path = "Supporting Files";
			sourceTree = "<group>";
		};
		3549576E29253A03000C216C /* Resources */ = {
			isa = PBXGroup;
			children = (
				35C69BDE292518AE004D176C /* Assets.xcassets */,
			);
			path = Resources;
			sourceTree = "<group>";
		};
		3549576F29263560000C216C /* Utility */ = {
			isa = PBXGroup;
			children = (
				354957702926358F000C216C /* Images+Small.swift */,
				87EB39712976B442007073EF /* Text+Timer.swift */,
				351C432F29783D4D0005503E /* Font+Small.swift */,
			);
			path = Utility;
			sourceTree = "<group>";
		};
		354957752926363E000C216C /* Presentation */ = {
			isa = PBXGroup;
			children = (
				3549576C292539CF000C216C /* View */,
			);
			path = Presentation;
			sourceTree = "<group>";
		};
		3549577A292639EB000C216C /* Common */ = {
			isa = PBXGroup;
			children = (
				3549579029264965000C216C /* View */,
				3549578A2926420A000C216C /* Resources */,
				3549578329263FA3000C216C /* Utility */,
				3549577B292639F4000C216C /* Model */,
			);
			path = Common;
			sourceTree = "<group>";
		};
		3549577B292639F4000C216C /* Model */ = {
			isa = PBXGroup;
			children = (
				35D305592924EC780062FDA9 /* LiveActivityAttributes.swift */,
				3549577C29263A0A000C216C /* TimerState.swift */,
				3549578029263CCF000C216C /* PomodoroState.swift */,
			);
			path = Model;
			sourceTree = "<group>";
		};
		3549578329263FA3000C216C /* Utility */ = {
			isa = PBXGroup;
			children = (
				3520397E2923DC3700A4028E /* DateComponentsFormatter+Extension.swift */,
				3520394029223D8600A4028E /* Colors.swift */,
				352039442922424500A4028E /* UIColor+Hex.swift */,
				352039462922486F00A4028E /* Images.swift */,
				352039722923C45B00A4028E /* Font+Extension.swift */,
				35495776292637C8000C216C /* ColorHelper.swift */,
				354957A029269EFB000C216C /* LinkManager.swift */,
				878F7EED2976CBD4005F6EAE /* Theme.swift */,
			);
			path = Utility;
			sourceTree = "<group>";
		};
		3549578A2926420A000C216C /* Resources */ = {
			isa = PBXGroup;
			children = (
				352B6C17294A1EB100B09E51 /* CoFoSans-Regular.ttf */,
				3520396B2923999E00A4028E /* Unbounded-Blond.ttf */,
				353BE44C2991454D00548410 /* Unbounded-Regular.ttf */,
			);
			path = Resources;
			sourceTree = "<group>";
		};
		3549578F29264928000C216C /* Backgrounds */ = {
			isa = PBXGroup;
			children = (
				35495793292658B2000C216C /* BackgroundView.swift */,
				3549579529265BA0000C216C /* FocusedBackground.swift */,
				3549579729266037000C216C /* BreakBackground.swift */,
				35495799292661A5000C216C /* LongBreakBackground.swift */,
			);
			path = Backgrounds;
			sourceTree = "<group>";
		};
		3549579029264965000C216C /* View */ = {
			isa = PBXGroup;
			children = (
				3520396F2923BDE300A4028E /* Stage */,
			);
			path = View;
			sourceTree = "<group>";
		};
		3549579D2926781D000C216C /* Services */ = {
			isa = PBXGroup;
			children = (
				3520397A2923D48000A4028E /* PomodoroService.swift */,
				3520397C2923D61000A4028E /* TimerService.swift */,
				35D305572924EB530062FDA9 /* LiveActivityService.swift */,
				35F4A6B52930D00800F47AD7 /* NotificationService.swift */,
				35F4A6BA2936242300F47AD7 /* FeedbackService.swift */,
				3582D2612955B13E00AC0127 /* DateCalculatorService.swift */,
			);
			path = Services;
			sourceTree = "<group>";
		};
		355F744C2977619D00B16856 /* Onboarding */ = {
			isa = PBXGroup;
			children = (
				351C432C2978050D0005503E /* View Model */,
				355F744D297761BA00B16856 /* View */,
			);
			path = Onboarding;
			sourceTree = "<group>";
		};
		355F744D297761BA00B16856 /* View */ = {
			isa = PBXGroup;
			children = (
				355F744E297761CE00B16856 /* WhoAreWeView.swift */,
				355F74502977625400B16856 /* InfoOverlayView.swift */,
				351C432A2977FD880005503E /* OnboardingView.swift */,
			);
			path = View;
			sourceTree = "<group>";
		};
		356FDECF299E69A800FA66E3 /* Debug Panel */ = {
			isa = PBXGroup;
			children = (
				356FDED3299E69D400FA66E3 /* ViewModel */,
				356FDED2299E69CC00FA66E3 /* View */,
			);
			path = "Debug Panel";
			sourceTree = "<group>";
		};
		356FDED2299E69CC00FA66E3 /* View */ = {
			isa = PBXGroup;
			children = (
				356FDED0299E69C400FA66E3 /* DebugPanelView.swift */,
				356FDED6299E710F00FA66E3 /* CustomTextField.swift */,
				356FDED8299EA66D00FA66E3 /* TimeIntervalPicker.swift */,
			);
			path = View;
			sourceTree = "<group>";
		};
		356FDED3299E69D400FA66E3 /* ViewModel */ = {
			isa = PBXGroup;
			children = (
				356FDED4299E6A0D00FA66E3 /* DebugPanelViewModel.swift */,
			);
			path = ViewModel;
			sourceTree = "<group>";
		};
		3570EE47294B31080039A1D2 /* View */ = {
			isa = PBXGroup;
			children = (
				3570EE4A294B32130039A1D2 /* SetTaskView.swift */,
				35C1C472294B66C20005D72C /* TimePickerView.swift */,
				3582D238294C731C00AC0127 /* SessionStepperView.swift */,
				3582D2602954B25300AC0127 /* TaskTitle */,
			);
			path = View;
			sourceTree = "<group>";
		};
		3570EE4C294B54860039A1D2 /* ViewModel */ = {
			isa = PBXGroup;
			children = (
				3570EE4D294B54940039A1D2 /* SetTaskViewModel.swift */,
			);
			path = ViewModel;
			sourceTree = "<group>";
		};
		3582D24329506FA400AC0127 /* Model */ = {
			isa = PBXGroup;
			children = (
				3582D24429506FB300AC0127 /* PomodoroTask.swift */,
				351C433329793F9B0005503E /* AppReloadSavedData.swift */,
			);
			path = Model;
			sourceTree = "<group>";
		};
		3582D24929509BAB00AC0127 /* Spended Minutes */ = {
			isa = PBXGroup;
			children = (
				3582D247295096FD00AC0127 /* SpendedMinutesView.swift */,
				3582D24A29509BC800AC0127 /* SpendedMinutesElementView.swift */,
				3582D24C2950A20900AC0127 /* SpendedMinutesRedBackground.swift */,
				3582D24E2950A21E00AC0127 /* SpendedMinutesBlueBackground.swift */,
			);
			path = "Spended Minutes";
			sourceTree = "<group>";
		};
		3582D2502951B51900AC0127 /* Tasks List */ = {
			isa = PBXGroup;
			children = (
				3507AFA429F2C480005C53C6 /* Model */,
				3507AFA229F2C456005C53C6 /* View */,
			);
			path = "Tasks List";
			sourceTree = "<group>";
		};
		3582D2592953252D00AC0127 /* Alert */ = {
			isa = PBXGroup;
			children = (
				352B6C0B2948DB0900B09E51 /* AlertView.swift */,
				3582D25A2953254E00AC0127 /* AlertViewModel.swift */,
			);
			path = Alert;
			sourceTree = "<group>";
		};
		3582D2602954B25300AC0127 /* TaskTitle */ = {
			isa = PBXGroup;
			children = (
				3582D23A294C7EC900AC0127 /* TaskTitleFieldView.swift */,
				3582D25E2954B0A500AC0127 /* CustomTextView.swift */,
			);
			path = TaskTitle;
			sourceTree = "<group>";
		};
		3585B8DC291EA7B2007B01B1 = {
			isa = PBXGroup;
			children = (
				3585B8E7291EA7B2007B01B1 /* PomodoroApp */,
				35C69BD7292518AD004D176C /* PomodoroWidgetExtension */,
				35D305602924F6BF0062FDA9 /* Frameworks */,
				3585B8E6291EA7B2007B01B1 /* Products */,
			);
			sourceTree = "<group>";
		};
		3585B8E6291EA7B2007B01B1 /* Products */ = {
			isa = PBXGroup;
			children = (
				3585B8E5291EA7B2007B01B1 /* PomodoroApp.app */,
				35C69BD4292518AD004D176C /* PomodoroWidgetExtension.appex */,
			);
			name = Products;
			sourceTree = "<group>";
		};
		3585B8E7291EA7B2007B01B1 /* PomodoroApp */ = {
			isa = PBXGroup;
			children = (
				3585B8F6291EA9A9007B01B1 /* App */,
				352039742923D29C00A4028E /* Business Logic */,
				352039752923D2E300A4028E /* Dependency Injection */,
				35203936291EAD5700A4028E /* Presentation */,
				35FE75662B5E6B6D00E5AD8D /* Navidux */,
				3520393F29223D6D00A4028E /* Utility */,
				3549577A292639EB000C216C /* Common */,
				3520394829224A3200A4028E /* Resources */,
				352039682923974800A4028E /* Supporting Files */,
				3585B8EE291EA7B3007B01B1 /* Preview Content */,
			);
			path = PomodoroApp;
			sourceTree = "<group>";
		};
		3585B8EE291EA7B3007B01B1 /* Preview Content */ = {
			isa = PBXGroup;
			children = (
				3585B8EF291EA7B3007B01B1 /* Preview Assets.xcassets */,
			);
			path = "Preview Content";
			sourceTree = "<group>";
		};
		3585B8F6291EA9A9007B01B1 /* App */ = {
			isa = PBXGroup;
			children = (
				3585B8E8291EA7B2007B01B1 /* PomodoroApp.swift */,
				35FE75622B5E67F400E5AD8D /* AppDelegate.swift */,
			);
			path = App;
			sourceTree = "<group>";
		};
		35AB2D5A296D5D08002CEC4A /* CoreData */ = {
			isa = PBXGroup;
			children = (
				3582D267296C14E500AC0127 /* PomodoroModel.xcdatamodeld */,
				35AB2D5B296D5D26002CEC4A /* PersistentStore.swift */,
				35F2BA0F296EA8250047E890 /* NSManagedObject+Extension.swift */,
			);
			path = CoreData;
			sourceTree = "<group>";
		};
		35C69BD7292518AD004D176C /* PomodoroWidgetExtension */ = {
			isa = PBXGroup;
			children = (
				3549576B292539C4000C216C /* App */,
				354957752926363E000C216C /* Presentation */,
				3549576F29263560000C216C /* Utility */,
				3549576E29253A03000C216C /* Resources */,
				3549576D292539F6000C216C /* Supporting Files */,
			);
			path = PomodoroWidgetExtension;
			sourceTree = "<group>";
		};
		35D305602924F6BF0062FDA9 /* Frameworks */ = {
			isa = PBXGroup;
			children = (
				35D305612924F6BF0062FDA9 /* WidgetKit.framework */,
				35D305632924F6BF0062FDA9 /* SwiftUI.framework */,
			);
			name = Frameworks;
			sourceTree = "<group>";
		};
		35FE75652B5E6B2E00E5AD8D /* Test Sceen */ = {
			isa = PBXGroup;
			children = (
				35FE75692B5E702700E5AD8D /* TestViewController.swift */,
			);
			path = "Test Sceen";
			sourceTree = "<group>";
		};
		35FE75662B5E6B6D00E5AD8D /* Navidux */ = {
			isa = PBXGroup;
			children = (
				35FE75702B5EAC5C00E5AD8D /* NaviduxScreen+Extension.swift */,
				35FE75732B5EAC6700E5AD8D /* NaviduxScreenAssembler.swift */,
				35FE75722B5EAC6700E5AD8D /* NaviduxScreenFactory.swift */,
			);
			path = Navidux;
			sourceTree = "<group>";
		};
/* End PBXGroup section */

/* Begin PBXNativeTarget section */
		3585B8E4291EA7B2007B01B1 /* PomodoroApp */ = {
			isa = PBXNativeTarget;
			buildConfigurationList = 3585B8F3291EA7B3007B01B1 /* Build configuration list for PBXNativeTarget "PomodoroApp" */;
			buildPhases = (
				3585B8E1291EA7B2007B01B1 /* Sources */,
				3585B8E2291EA7B2007B01B1 /* Frameworks */,
				3585B8E3291EA7B2007B01B1 /* Resources */,
				35D305752924F6C00062FDA9 /* Embed Foundation Extensions */,
				3524ABC72AB85389003C09D8 /* ShellScript */,
			);
			buildRules = (
			);
			dependencies = (
				35C69BE2292518AE004D176C /* PBXTargetDependency */,
			);
			name = PomodoroApp;
			packageProductDependencies = (
				35C1C478294B97210005D72C /* Sliders */,
				35FE75672B5E6FD900E5AD8D /* Navidux */,
				35FE756C2B5E73FE00E5AD8D /* CoreComponents */,
			);
			productName = PomodoroApp;
			productReference = 3585B8E5291EA7B2007B01B1 /* PomodoroApp.app */;
			productType = "com.apple.product-type.application";
		};
		35C69BD3292518AD004D176C /* PomodoroWidgetExtension */ = {
			isa = PBXNativeTarget;
			buildConfigurationList = 35C69BE4292518AE004D176C /* Build configuration list for PBXNativeTarget "PomodoroWidgetExtension" */;
			buildPhases = (
				35C69BD0292518AD004D176C /* Sources */,
				35C69BD1292518AD004D176C /* Frameworks */,
				35C69BD2292518AD004D176C /* Resources */,
			);
			buildRules = (
			);
			dependencies = (
			);
			name = PomodoroWidgetExtension;
			productName = PomodoroWidgetExtensionExtension;
			productReference = 35C69BD4292518AD004D176C /* PomodoroWidgetExtension.appex */;
			productType = "com.apple.product-type.app-extension";
		};
/* End PBXNativeTarget section */

/* Begin PBXProject section */
		3585B8DD291EA7B2007B01B1 /* Project object */ = {
			isa = PBXProject;
			attributes = {
				BuildIndependentTargetsInParallel = 1;
				LastSwiftUpdateCheck = 1410;
				LastUpgradeCheck = 1410;
				TargetAttributes = {
					3585B8E4291EA7B2007B01B1 = {
						CreatedOnToolsVersion = 14.1;
					};
					35C69BD3292518AD004D176C = {
						CreatedOnToolsVersion = 14.1;
					};
				};
			};
			buildConfigurationList = 3585B8E0291EA7B2007B01B1 /* Build configuration list for PBXProject "PomodoroApp" */;
			compatibilityVersion = "Xcode 14.0";
			developmentRegion = en;
			hasScannedForEncodings = 0;
			knownRegions = (
				en,
				Base,
			);
			mainGroup = 3585B8DC291EA7B2007B01B1;
			packageReferences = (
				35C1C477294B97210005D72C /* XCRemoteSwiftPackageReference "swiftui-sliders" */,
				35FE75642B5E682700E5AD8D /* XCRemoteSwiftPackageReference "navidux" */,
				35FE756B2B5E73FE00E5AD8D /* XCRemoteSwiftPackageReference "ios-core-components" */,
			);
			productRefGroup = 3585B8E6291EA7B2007B01B1 /* Products */;
			projectDirPath = "";
			projectRoot = "";
			targets = (
				3585B8E4291EA7B2007B01B1 /* PomodoroApp */,
				35C69BD3292518AD004D176C /* PomodoroWidgetExtension */,
			);
		};
/* End PBXProject section */

/* Begin PBXResourcesBuildPhase section */
		3585B8E3291EA7B2007B01B1 /* Resources */ = {
			isa = PBXResourcesBuildPhase;
			buildActionMask = 2147483647;
			files = (
				3585B8F0291EA7B3007B01B1 /* Preview Assets.xcassets in Resources */,
				3520396C2923999E00A4028E /* Unbounded-Blond.ttf in Resources */,
				3585B8ED291EA7B3007B01B1 /* Assets.xcassets in Resources */,
				350CC3C42975526C00753D84 /* LaunchScreen.storyboard in Resources */,
				878F7EEC2976C99F005F6EAE /* Assets.xcassets in Resources */,
				352B6C18294A1EB100B09E51 /* CoFoSans-Regular.ttf in Resources */,
				353BE44D299146BD00548410 /* Unbounded-Regular.ttf in Resources */,
			);
			runOnlyForDeploymentPostprocessing = 0;
		};
		35C69BD2292518AD004D176C /* Resources */ = {
			isa = PBXResourcesBuildPhase;
			buildActionMask = 2147483647;
			files = (
				353BE44E299146BE00548410 /* Unbounded-Regular.ttf in Resources */,
				35C69BDF292518AE004D176C /* Assets.xcassets in Resources */,
				35495789292641A4000C216C /* Unbounded-Blond.ttf in Resources */,
				87EB39702976B16B007073EF /* Assets.xcassets in Resources */,
				352B6C19294A1EB100B09E51 /* CoFoSans-Regular.ttf in Resources */,
			);
			runOnlyForDeploymentPostprocessing = 0;
		};
/* End PBXResourcesBuildPhase section */

/* Begin PBXShellScriptBuildPhase section */
		3524ABC72AB85389003C09D8 /* ShellScript */ = {
			isa = PBXShellScriptBuildPhase;
			alwaysOutOfDate = 1;
			buildActionMask = 2147483647;
			files = (
			);
			inputFileListPaths = (
			);
			inputPaths = (
			);
			outputFileListPaths = (
			);
			outputPaths = (
			);
			runOnlyForDeploymentPostprocessing = 0;
			shellPath = /bin/sh;
			shellScript = "file=\"unused.rb\"\nif [ -f \"$file\" ]\nthen\necho \"$file found.\"\nruby unused.rb xcode\nelse\necho \"unused.rb doesn't exist\"\nfi\n";
		};
/* End PBXShellScriptBuildPhase section */

/* Begin PBXSourcesBuildPhase section */
		3585B8E1291EA7B2007B01B1 /* Sources */ = {
			isa = PBXSourcesBuildPhase;
			buildActionMask = 2147483647;
			files = (
				351C432B2977FD880005503E /* OnboardingView.swift in Sources */,
				3520397D2923D61000A4028E /* TimerService.swift in Sources */,
				352039772923D31200A4028E /* DI.swift in Sources */,
				352039472922486F00A4028E /* Images.swift in Sources */,
				356FDED7299E710F00FA66E3 /* CustomTextField.swift in Sources */,
				878F7EEE2976CBD4005F6EAE /* Theme.swift in Sources */,
				3582D25B2953254E00AC0127 /* AlertViewModel.swift in Sources */,
				3582D248295096FD00AC0127 /* SpendedMinutesView.swift in Sources */,
				354957A72927C511000C216C /* TimeInterval+Extension.swift in Sources */,
				3507AFA629F2C48D005C53C6 /* PomodoroTaskItem.swift in Sources */,
				35C69BEA29251989004D176C /* LiveActivityAttributes.swift in Sources */,
				3582D241295069BB00AC0127 /* TasksStorage.swift in Sources */,
				3582D239294C731C00AC0127 /* SessionStepperView.swift in Sources */,
				3582D24529506FB300AC0127 /* PomodoroTask.swift in Sources */,
				352B6C0E2948DBCD00B09E51 /* AlertView.swift in Sources */,
				356FDEDB299EC44E00FA66E3 /* Task+Extension.swift in Sources */,
				3520396E2923BD5300A4028E /* StageView.swift in Sources */,
				3520394A2922532700A4028E /* BackgroundView.swift in Sources */,
				35F4A6BB2936242300F47AD7 /* FeedbackService.swift in Sources */,
				352B6C02294756CA00B09E51 /* ButtonStyle.swift in Sources */,
				3582D2662955BDB900AC0127 /* Date+Extension.swift in Sources */,
				355F74512977625400B16856 /* InfoOverlayView.swift in Sources */,
				351C43322978506F0005503E /* ScenarioResolver.swift in Sources */,
				35FE75742B5EAC6700E5AD8D /* NaviduxScreenFactory.swift in Sources */,
				3570EE4E294B54940039A1D2 /* SetTaskViewModel.swift in Sources */,
				35F4A6B62930D00800F47AD7 /* NotificationService.swift in Sources */,
				351C433429793F9B0005503E /* AppReloadSavedData.swift in Sources */,
				3520397B2923D48000A4028E /* PomodoroService.swift in Sources */,
				352B6C13294A067B00B09E51 /* SwitcherStyle.swift in Sources */,
				3570EE3F294B1D850039A1D2 /* ViewModel.swift in Sources */,
				3570EE4B294B32130039A1D2 /* SetTaskView.swift in Sources */,
				356FDED1299E69C400FA66E3 /* DebugPanelView.swift in Sources */,
				352B6C112949DC9F00B09E51 /* SettingsViewModel.swift in Sources */,
				3582D2542951E38100AC0127 /* TaskView.swift in Sources */,
				352B6BF929472ED000B09E51 /* UserDefaultsStorage.swift in Sources */,
				352B6C0A2947BE0100B09E51 /* SettingsView.swift in Sources */,
				359DFDCA2976A6A500D8B39F /* PreviousResultsViewModel.swift in Sources */,
				35D305582924EB530062FDA9 /* LiveActivityService.swift in Sources */,
				35495787292640D7000C216C /* Images+Big.swift in Sources */,
				3582D24F2950A21E00AC0127 /* SpendedMinutesBlueBackground.swift in Sources */,
				35495777292637C8000C216C /* ColorHelper.swift in Sources */,
				3549578C2926425E000C216C /* Font+Big.swift in Sources */,
				352B6BFD2947373700B09E51 /* ResultsView.swift in Sources */,
				3520394129223D8600A4028E /* Colors.swift in Sources */,
				356FDED9299EA66D00FA66E3 /* TimeIntervalPicker.swift in Sources */,
				3582D23B294C7EC900AC0127 /* TaskTitleFieldView.swift in Sources */,
				3520394D2922707E00A4028E /* FocusedBackground.swift in Sources */,
				3549579F29267836000C216C /* AppWorkers.swift in Sources */,
				3582D2522951BE0700AC0127 /* TasksListView.swift in Sources */,
				3520393E291EB49400A4028E /* PomodoroViewModel.swift in Sources */,
				352B6C0629477F2E00B09E51 /* MainNavigator.swift in Sources */,
				3549577D29263A0A000C216C /* TimerState.swift in Sources */,
				351C432E297805270005503E /* OnboardingViewModel.swift in Sources */,
				3582D23F294C974C00AC0127 /* View+Extension.swift in Sources */,
				3549578129263CCF000C216C /* PomodoroState.swift in Sources */,
				356FDED5299E6A0D00FA66E3 /* DebugPanelViewModel.swift in Sources */,
				35C1C473294B66C20005D72C /* TimePickerView.swift in Sources */,
				352B6BFF2947377800B09E51 /* NoTasksView.swift in Sources */,
				35AB2D5C296D5D26002CEC4A /* PersistentStore.swift in Sources */,
				352039712923BE0100A4028E /* StageElementView.swift in Sources */,
				35FE75712B5EAC5C00E5AD8D /* NaviduxScreen+Extension.swift in Sources */,
				352B6BF629472E6B00B09E51 /* AppStorages.swift in Sources */,
				35FE75632B5E67F400E5AD8D /* AppDelegate.swift in Sources */,
				35F2BA10296EA8250047E890 /* NSManagedObject+Extension.swift in Sources */,
				3549579C29266AAC000C216C /* TimedPomodoroWorker.swift in Sources */,
				35203953292270B600A4028E /* LongBreakBackground.swift in Sources */,
				352039452922424500A4028E /* UIColor+Hex.swift in Sources */,
				352039732923C45B00A4028E /* Font+Extension.swift in Sources */,
				355F744F297761CE00B16856 /* WhoAreWeView.swift in Sources */,
				3582D269296C14E500AC0127 /* PomodoroModel.xcdatamodeld in Sources */,
				3582D2562951EB3900AC0127 /* DateFormatter+Extension.swift in Sources */,
				3582D25D2954A20900AC0127 /* UIFont+Extension.swift in Sources */,
				35FE756A2B5E702700E5AD8D /* TestViewController.swift in Sources */,
				35C69BEC29251A0C004D176C /* PomodoroState+Time.swift in Sources */,
				3582D25F2954B0A500AC0127 /* CustomTextView.swift in Sources */,
				352039502922709E00A4028E /* BreakBackground.swift in Sources */,
				35FE75752B5EAC6700E5AD8D /* NaviduxScreenAssembler.swift in Sources */,
				3582D2622955B13E00AC0127 /* DateCalculatorService.swift in Sources */,
				354957A129269EFB000C216C /* LinkManager.swift in Sources */,
				35203937291EADAF00A4028E /* PomodoroView.swift in Sources */,
				3582D24B29509BC800AC0127 /* SpendedMinutesElementView.swift in Sources */,
				3582D24D2950A20900AC0127 /* SpendedMinutesRedBackground.swift in Sources */,
				3585B8E9291EA7B2007B01B1 /* PomodoroApp.swift in Sources */,
				352039792923D33400A4028E /* AppServices.swift in Sources */,
				359DFDC82976A66700D8B39F /* PreviousResultsView.swift in Sources */,
				352B6C0429477D9400B09E51 /* ResultsViewModel.swift in Sources */,
				35C1C474294B79510005D72C /* DateComponentsFormatter+Extension.swift in Sources */,
				3582D2642955B70B00AC0127 /* NumberFormatter+Extension.swift in Sources */,
			);
			runOnlyForDeploymentPostprocessing = 0;
		};
		35C69BD0292518AD004D176C /* Sources */ = {
			isa = PBXSourcesBuildPhase;
			buildActionMask = 2147483647;
			files = (
				35495794292658B2000C216C /* BackgroundView.swift in Sources */,
				35C69BF729251E76004D176C /* LiveActivityAttributes.swift in Sources */,
				3549578429263FE9000C216C /* Colors.swift in Sources */,
				878F7EEF2976CBE7005F6EAE /* Theme.swift in Sources */,
				354957A229269EFB000C216C /* LinkManager.swift in Sources */,
				35C69BD9292518AD004D176C /* PomodoroWidgetExtensionBundle.swift in Sources */,
				35495778292637C8000C216C /* ColorHelper.swift in Sources */,
				87EB39722976B442007073EF /* Text+Timer.swift in Sources */,
				35C69BFA29252365004D176C /* PomodoroActivityView.swift in Sources */,
				3549579A292661A5000C216C /* LongBreakBackground.swift in Sources */,
				35C69BF429251AB4004D176C /* UIColor+Hex.swift in Sources */,
				354957852926400D000C216C /* Images.swift in Sources */,
				3549579129264988000C216C /* StageView.swift in Sources */,
				354957712926358F000C216C /* Images+Small.swift in Sources */,
				35F4A6B1292CCEBE00F47AD7 /* DateComponentsFormatter+Extension.swift in Sources */,
				3549578229263CCF000C216C /* PomodoroState.swift in Sources */,
				351C433029783D4D0005503E /* Font+Small.swift in Sources */,
				3549579629265BA0000C216C /* FocusedBackground.swift in Sources */,
				35C69BE92925194B004D176C /* PomodoroWidgetExtensionLiveActivity.swift in Sources */,
				354957922926498B000C216C /* StageElementView.swift in Sources */,
				35C69BF529251AB8004D176C /* Font+Extension.swift in Sources */,
				3549579829266037000C216C /* BreakBackground.swift in Sources */,
				3549577E29263A0A000C216C /* TimerState.swift in Sources */,
			);
			runOnlyForDeploymentPostprocessing = 0;
		};
/* End PBXSourcesBuildPhase section */

/* Begin PBXTargetDependency section */
		35C69BE2292518AE004D176C /* PBXTargetDependency */ = {
			isa = PBXTargetDependency;
			target = 35C69BD3292518AD004D176C /* PomodoroWidgetExtension */;
			targetProxy = 35C69BE1292518AE004D176C /* PBXContainerItemProxy */;
		};
/* End PBXTargetDependency section */

/* Begin XCBuildConfiguration section */
		3585B8F1291EA7B3007B01B1 /* Debug */ = {
			isa = XCBuildConfiguration;
			buildSettings = {
				ALWAYS_SEARCH_USER_PATHS = NO;
				CLANG_ANALYZER_NONNULL = YES;
				CLANG_ANALYZER_NUMBER_OBJECT_CONVERSION = YES_AGGRESSIVE;
				CLANG_CXX_LANGUAGE_STANDARD = "gnu++20";
				CLANG_ENABLE_MODULES = YES;
				CLANG_ENABLE_OBJC_ARC = YES;
				CLANG_ENABLE_OBJC_WEAK = YES;
				CLANG_WARN_BLOCK_CAPTURE_AUTORELEASING = YES;
				CLANG_WARN_BOOL_CONVERSION = YES;
				CLANG_WARN_COMMA = YES;
				CLANG_WARN_CONSTANT_CONVERSION = YES;
				CLANG_WARN_DEPRECATED_OBJC_IMPLEMENTATIONS = YES;
				CLANG_WARN_DIRECT_OBJC_ISA_USAGE = YES_ERROR;
				CLANG_WARN_DOCUMENTATION_COMMENTS = YES;
				CLANG_WARN_EMPTY_BODY = YES;
				CLANG_WARN_ENUM_CONVERSION = YES;
				CLANG_WARN_INFINITE_RECURSION = YES;
				CLANG_WARN_INT_CONVERSION = YES;
				CLANG_WARN_NON_LITERAL_NULL_CONVERSION = YES;
				CLANG_WARN_OBJC_IMPLICIT_RETAIN_SELF = YES;
				CLANG_WARN_OBJC_LITERAL_CONVERSION = YES;
				CLANG_WARN_OBJC_ROOT_CLASS = YES_ERROR;
				CLANG_WARN_QUOTED_INCLUDE_IN_FRAMEWORK_HEADER = YES;
				CLANG_WARN_RANGE_LOOP_ANALYSIS = YES;
				CLANG_WARN_STRICT_PROTOTYPES = YES;
				CLANG_WARN_SUSPICIOUS_MOVE = YES;
				CLANG_WARN_UNGUARDED_AVAILABILITY = YES_AGGRESSIVE;
				CLANG_WARN_UNREACHABLE_CODE = YES;
				CLANG_WARN__DUPLICATE_METHOD_MATCH = YES;
				COPY_PHASE_STRIP = NO;
				DEBUG_INFORMATION_FORMAT = dwarf;
				ENABLE_STRICT_OBJC_MSGSEND = YES;
				ENABLE_TESTABILITY = YES;
				GCC_C_LANGUAGE_STANDARD = gnu11;
				GCC_DYNAMIC_NO_PIC = NO;
				GCC_NO_COMMON_BLOCKS = YES;
				GCC_OPTIMIZATION_LEVEL = 0;
				GCC_PREPROCESSOR_DEFINITIONS = (
					"DEBUG=1",
					"$(inherited)",
				);
				GCC_WARN_64_TO_32_BIT_CONVERSION = YES;
				GCC_WARN_ABOUT_RETURN_TYPE = YES_ERROR;
				GCC_WARN_UNDECLARED_SELECTOR = YES;
				GCC_WARN_UNINITIALIZED_AUTOS = YES_AGGRESSIVE;
				GCC_WARN_UNUSED_FUNCTION = YES;
				GCC_WARN_UNUSED_VARIABLE = YES;
				IPHONEOS_DEPLOYMENT_TARGET = 16.1;
				MTL_ENABLE_DEBUG_INFO = INCLUDE_SOURCE;
				MTL_FAST_MATH = YES;
				ONLY_ACTIVE_ARCH = YES;
				SDKROOT = iphoneos;
				SWIFT_ACTIVE_COMPILATION_CONDITIONS = DEBUG;
				SWIFT_OPTIMIZATION_LEVEL = "-Onone";
			};
			name = Debug;
		};
		3585B8F2291EA7B3007B01B1 /* Release */ = {
			isa = XCBuildConfiguration;
			buildSettings = {
				ALWAYS_SEARCH_USER_PATHS = NO;
				CLANG_ANALYZER_NONNULL = YES;
				CLANG_ANALYZER_NUMBER_OBJECT_CONVERSION = YES_AGGRESSIVE;
				CLANG_CXX_LANGUAGE_STANDARD = "gnu++20";
				CLANG_ENABLE_MODULES = YES;
				CLANG_ENABLE_OBJC_ARC = YES;
				CLANG_ENABLE_OBJC_WEAK = YES;
				CLANG_WARN_BLOCK_CAPTURE_AUTORELEASING = YES;
				CLANG_WARN_BOOL_CONVERSION = YES;
				CLANG_WARN_COMMA = YES;
				CLANG_WARN_CONSTANT_CONVERSION = YES;
				CLANG_WARN_DEPRECATED_OBJC_IMPLEMENTATIONS = YES;
				CLANG_WARN_DIRECT_OBJC_ISA_USAGE = YES_ERROR;
				CLANG_WARN_DOCUMENTATION_COMMENTS = YES;
				CLANG_WARN_EMPTY_BODY = YES;
				CLANG_WARN_ENUM_CONVERSION = YES;
				CLANG_WARN_INFINITE_RECURSION = YES;
				CLANG_WARN_INT_CONVERSION = YES;
				CLANG_WARN_NON_LITERAL_NULL_CONVERSION = YES;
				CLANG_WARN_OBJC_IMPLICIT_RETAIN_SELF = YES;
				CLANG_WARN_OBJC_LITERAL_CONVERSION = YES;
				CLANG_WARN_OBJC_ROOT_CLASS = YES_ERROR;
				CLANG_WARN_QUOTED_INCLUDE_IN_FRAMEWORK_HEADER = YES;
				CLANG_WARN_RANGE_LOOP_ANALYSIS = YES;
				CLANG_WARN_STRICT_PROTOTYPES = YES;
				CLANG_WARN_SUSPICIOUS_MOVE = YES;
				CLANG_WARN_UNGUARDED_AVAILABILITY = YES_AGGRESSIVE;
				CLANG_WARN_UNREACHABLE_CODE = YES;
				CLANG_WARN__DUPLICATE_METHOD_MATCH = YES;
				COPY_PHASE_STRIP = NO;
				DEBUG_INFORMATION_FORMAT = "dwarf-with-dsym";
				ENABLE_NS_ASSERTIONS = NO;
				ENABLE_STRICT_OBJC_MSGSEND = YES;
				GCC_C_LANGUAGE_STANDARD = gnu11;
				GCC_NO_COMMON_BLOCKS = YES;
				GCC_WARN_64_TO_32_BIT_CONVERSION = YES;
				GCC_WARN_ABOUT_RETURN_TYPE = YES_ERROR;
				GCC_WARN_UNDECLARED_SELECTOR = YES;
				GCC_WARN_UNINITIALIZED_AUTOS = YES_AGGRESSIVE;
				GCC_WARN_UNUSED_FUNCTION = YES;
				GCC_WARN_UNUSED_VARIABLE = YES;
				IPHONEOS_DEPLOYMENT_TARGET = 16.1;
				MTL_ENABLE_DEBUG_INFO = NO;
				MTL_FAST_MATH = YES;
				SDKROOT = iphoneos;
				SWIFT_COMPILATION_MODE = wholemodule;
				SWIFT_OPTIMIZATION_LEVEL = "-O";
				VALIDATE_PRODUCT = YES;
			};
			name = Release;
		};
		3585B8F4291EA7B3007B01B1 /* Debug */ = {
			isa = XCBuildConfiguration;
			buildSettings = {
				ALWAYS_EMBED_SWIFT_STANDARD_LIBRARIES = YES;
				ASSETCATALOG_COMPILER_APPICON_NAME = AppIcon;
				ASSETCATALOG_COMPILER_GLOBAL_ACCENT_COLOR_NAME = AccentColor;
				CODE_SIGN_IDENTITY = "Apple Development";
				"CODE_SIGN_IDENTITY[sdk=iphoneos*]" = "iPhone Distribution";
				CODE_SIGN_STYLE = Manual;
				CURRENT_PROJECT_VERSION = 2;
				DEVELOPMENT_ASSET_PATHS = "\"PomodoroApp/Preview Content\"";
				DEVELOPMENT_TEAM = "";
				"DEVELOPMENT_TEAM[sdk=iphoneos*]" = 66Q5RW6PQQ;
				ENABLE_PREVIEWS = YES;
				GENERATE_INFOPLIST_FILE = YES;
				INFOPLIST_FILE = "PomodoroApp/Supporting Files/Info.plist";
				INFOPLIST_KEY_LSApplicationCategoryType = "public.app-category.productivity";
				INFOPLIST_KEY_NSSupportsLiveActivities = YES;
				INFOPLIST_KEY_UIApplicationSupportsIndirectInputEvents = YES;
				INFOPLIST_KEY_UILaunchScreen_Generation = YES;
				INFOPLIST_KEY_UILaunchStoryboardName = LaunchScreen.storyboard;
				INFOPLIST_KEY_UISupportedInterfaceOrientations = UIInterfaceOrientationPortrait;
				IPHONEOS_DEPLOYMENT_TARGET = 16.1;
				LD_RUNPATH_SEARCH_PATHS = (
					"$(inherited)",
					"@executable_path/Frameworks",
				);
				MARKETING_VERSION = 1.3;
				PRODUCT_BUNDLE_IDENTIFIER = com.redmadrobot.pomodoro;
				PRODUCT_NAME = "$(TARGET_NAME)";
				PROVISIONING_PROFILE_SPECIFIER = "";
				"PROVISIONING_PROFILE_SPECIFIER[sdk=iphoneos*]" = "ROBODORO Distribution";
				SUPPORTED_PLATFORMS = "iphoneos iphonesimulator";
				SUPPORTS_MACCATALYST = NO;
				SUPPORTS_MAC_DESIGNED_FOR_IPHONE_IPAD = NO;
				SWIFT_EMIT_LOC_STRINGS = YES;
				SWIFT_VERSION = 5.0;
				TARGETED_DEVICE_FAMILY = 1;
			};
			name = Debug;
		};
		3585B8F5291EA7B3007B01B1 /* Release */ = {
			isa = XCBuildConfiguration;
			buildSettings = {
				ALWAYS_EMBED_SWIFT_STANDARD_LIBRARIES = YES;
				ASSETCATALOG_COMPILER_APPICON_NAME = AppIcon;
				ASSETCATALOG_COMPILER_GLOBAL_ACCENT_COLOR_NAME = AccentColor;
				CODE_SIGN_IDENTITY = "Apple Development";
				"CODE_SIGN_IDENTITY[sdk=iphoneos*]" = "iPhone Distribution";
				CODE_SIGN_STYLE = Manual;
				CURRENT_PROJECT_VERSION = 2;
				DEVELOPMENT_ASSET_PATHS = "\"PomodoroApp/Preview Content\"";
				DEVELOPMENT_TEAM = "";
				"DEVELOPMENT_TEAM[sdk=iphoneos*]" = 66Q5RW6PQQ;
				ENABLE_PREVIEWS = YES;
				GENERATE_INFOPLIST_FILE = YES;
				INFOPLIST_FILE = "PomodoroApp/Supporting Files/Info.plist";
				INFOPLIST_KEY_LSApplicationCategoryType = "public.app-category.productivity";
				INFOPLIST_KEY_NSSupportsLiveActivities = YES;
				INFOPLIST_KEY_UIApplicationSupportsIndirectInputEvents = YES;
				INFOPLIST_KEY_UILaunchScreen_Generation = YES;
				INFOPLIST_KEY_UILaunchStoryboardName = LaunchScreen.storyboard;
				INFOPLIST_KEY_UISupportedInterfaceOrientations = UIInterfaceOrientationPortrait;
				IPHONEOS_DEPLOYMENT_TARGET = 16.1;
				LD_RUNPATH_SEARCH_PATHS = (
					"$(inherited)",
					"@executable_path/Frameworks",
				);
				MARKETING_VERSION = 1.3;
				PRODUCT_BUNDLE_IDENTIFIER = com.redmadrobot.pomodoro;
				PRODUCT_NAME = "$(TARGET_NAME)";
				PROVISIONING_PROFILE_SPECIFIER = "";
				"PROVISIONING_PROFILE_SPECIFIER[sdk=iphoneos*]" = "ROBODORO Distribution";
				SUPPORTED_PLATFORMS = "iphoneos iphonesimulator";
				SUPPORTS_MACCATALYST = NO;
				SUPPORTS_MAC_DESIGNED_FOR_IPHONE_IPAD = NO;
				SWIFT_EMIT_LOC_STRINGS = YES;
				SWIFT_VERSION = 5.0;
				TARGETED_DEVICE_FAMILY = 1;
			};
			name = Release;
		};
		35C69BE5292518AE004D176C /* Debug */ = {
			isa = XCBuildConfiguration;
			buildSettings = {
				ASSETCATALOG_COMPILER_GLOBAL_ACCENT_COLOR_NAME = AccentColor;
				ASSETCATALOG_COMPILER_WIDGET_BACKGROUND_COLOR_NAME = WidgetBackground;
				CODE_SIGN_IDENTITY = "Apple Development";
				"CODE_SIGN_IDENTITY[sdk=iphoneos*]" = "iPhone Distribution";
				CODE_SIGN_STYLE = Manual;
				CURRENT_PROJECT_VERSION = 1;
				DEVELOPMENT_TEAM = "";
				"DEVELOPMENT_TEAM[sdk=iphoneos*]" = 66Q5RW6PQQ;
				GENERATE_INFOPLIST_FILE = YES;
				INFOPLIST_FILE = "PomodoroWidgetExtension/Supporting Files/Info.plist";
				INFOPLIST_KEY_CFBundleDisplayName = PomodoroWidgetExtension;
				INFOPLIST_KEY_NSHumanReadableCopyright = "";
				LD_RUNPATH_SEARCH_PATHS = (
					"$(inherited)",
					"@executable_path/Frameworks",
					"@executable_path/../../Frameworks",
				);
				MARKETING_VERSION = 1.3;
				PRODUCT_BUNDLE_IDENTIFIER = com.redmadrobot.pomodoro.widget;
				PRODUCT_NAME = "$(TARGET_NAME)";
				PROVISIONING_PROFILE_SPECIFIER = "";
				"PROVISIONING_PROFILE_SPECIFIER[sdk=iphoneos*]" = "ROBODORO Widget Distribution";
				SKIP_INSTALL = YES;
				SWIFT_EMIT_LOC_STRINGS = YES;
				SWIFT_VERSION = 5.0;
				TARGETED_DEVICE_FAMILY = "1,2";
			};
			name = Debug;
		};
		35C69BE6292518AE004D176C /* Release */ = {
			isa = XCBuildConfiguration;
			buildSettings = {
				ASSETCATALOG_COMPILER_GLOBAL_ACCENT_COLOR_NAME = AccentColor;
				ASSETCATALOG_COMPILER_WIDGET_BACKGROUND_COLOR_NAME = WidgetBackground;
				CODE_SIGN_IDENTITY = "Apple Development";
				"CODE_SIGN_IDENTITY[sdk=iphoneos*]" = "iPhone Distribution";
				CODE_SIGN_STYLE = Manual;
				CURRENT_PROJECT_VERSION = 1;
				DEVELOPMENT_TEAM = "";
				"DEVELOPMENT_TEAM[sdk=iphoneos*]" = 66Q5RW6PQQ;
				GENERATE_INFOPLIST_FILE = YES;
				INFOPLIST_FILE = "PomodoroWidgetExtension/Supporting Files/Info.plist";
				INFOPLIST_KEY_CFBundleDisplayName = PomodoroWidgetExtension;
				INFOPLIST_KEY_NSHumanReadableCopyright = "";
				LD_RUNPATH_SEARCH_PATHS = (
					"$(inherited)",
					"@executable_path/Frameworks",
					"@executable_path/../../Frameworks",
				);
				MARKETING_VERSION = 1.3;
				PRODUCT_BUNDLE_IDENTIFIER = com.redmadrobot.pomodoro.widget;
				PRODUCT_NAME = "$(TARGET_NAME)";
				PROVISIONING_PROFILE_SPECIFIER = "";
				"PROVISIONING_PROFILE_SPECIFIER[sdk=iphoneos*]" = "ROBODORO Widget Distribution";
				SKIP_INSTALL = YES;
				SWIFT_EMIT_LOC_STRINGS = YES;
				SWIFT_VERSION = 5.0;
				TARGETED_DEVICE_FAMILY = "1,2";
			};
			name = Release;
		};
/* End XCBuildConfiguration section */

/* Begin XCConfigurationList section */
		3585B8E0291EA7B2007B01B1 /* Build configuration list for PBXProject "PomodoroApp" */ = {
			isa = XCConfigurationList;
			buildConfigurations = (
				3585B8F1291EA7B3007B01B1 /* Debug */,
				3585B8F2291EA7B3007B01B1 /* Release */,
			);
			defaultConfigurationIsVisible = 0;
			defaultConfigurationName = Release;
		};
		3585B8F3291EA7B3007B01B1 /* Build configuration list for PBXNativeTarget "PomodoroApp" */ = {
			isa = XCConfigurationList;
			buildConfigurations = (
				3585B8F4291EA7B3007B01B1 /* Debug */,
				3585B8F5291EA7B3007B01B1 /* Release */,
			);
			defaultConfigurationIsVisible = 0;
			defaultConfigurationName = Release;
		};
		35C69BE4292518AE004D176C /* Build configuration list for PBXNativeTarget "PomodoroWidgetExtension" */ = {
			isa = XCConfigurationList;
			buildConfigurations = (
				35C69BE5292518AE004D176C /* Debug */,
				35C69BE6292518AE004D176C /* Release */,
			);
			defaultConfigurationIsVisible = 0;
			defaultConfigurationName = Release;
		};
/* End XCConfigurationList section */

/* Begin XCRemoteSwiftPackageReference section */
		35C1C477294B97210005D72C /* XCRemoteSwiftPackageReference "swiftui-sliders" */ = {
			isa = XCRemoteSwiftPackageReference;
			repositoryURL = "https://github.com/spacenation/swiftui-sliders";
			requirement = {
				kind = upToNextMajorVersion;
				minimumVersion = 2.0.0;
			};
		};
		35FE75642B5E682700E5AD8D /* XCRemoteSwiftPackageReference "navidux" */ = {
			isa = XCRemoteSwiftPackageReference;
			repositoryURL = "https://github.com/RedMadRobot/navidux";
			requirement = {
				kind = upToNextMajorVersion;
				minimumVersion = 1.0.0;
			};
		};
		35FE756B2B5E73FE00E5AD8D /* XCRemoteSwiftPackageReference "ios-core-components" */ = {
			isa = XCRemoteSwiftPackageReference;
			repositoryURL = "https://git.redmadrobot.com/apple/foundation-ios/ios-core-components";
			requirement = {
				branch = main;
				kind = branch;
			};
		};
/* End XCRemoteSwiftPackageReference section */

/* Begin XCSwiftPackageProductDependency section */
		35C1C478294B97210005D72C /* Sliders */ = {
			isa = XCSwiftPackageProductDependency;
			package = 35C1C477294B97210005D72C /* XCRemoteSwiftPackageReference "swiftui-sliders" */;
			productName = Sliders;
		};
		35FE75672B5E6FD900E5AD8D /* Navidux */ = {
			isa = XCSwiftPackageProductDependency;
			package = 35FE75642B5E682700E5AD8D /* XCRemoteSwiftPackageReference "navidux" */;
			productName = Navidux;
		};
		35FE756C2B5E73FE00E5AD8D /* CoreComponents */ = {
			isa = XCSwiftPackageProductDependency;
			package = 35FE756B2B5E73FE00E5AD8D /* XCRemoteSwiftPackageReference "ios-core-components" */;
			productName = CoreComponents;
		};
/* End XCSwiftPackageProductDependency section */

/* Begin XCVersionGroup section */
		3582D267296C14E500AC0127 /* PomodoroModel.xcdatamodeld */ = {
			isa = XCVersionGroup;
			children = (
				3582D268296C14E500AC0127 /* PomodoroModel.xcdatamodel */,
			);
			currentVersion = 3582D268296C14E500AC0127 /* PomodoroModel.xcdatamodel */;
			path = PomodoroModel.xcdatamodeld;
			sourceTree = "<group>";
			versionGroupType = wrapper.xcdatamodel;
		};
/* End XCVersionGroup section */
	};
	rootObject = 3585B8DD291EA7B2007B01B1 /* Project object */;
}
